// !$*UTF8*$!
{
	archiveVersion = 1;
	classes = {
	};
	objectVersion = 46;
	objects = {

/* Begin PBXBuildFile section */
		050125A61AB1F87700D4AB8E /* RepositoriesTableViewController.m in Sources */ = {isa = PBXBuildFile; fileRef = 050125A41AB1F87700D4AB8E /* RepositoriesTableViewController.m */; };
		050125A71AB1F87700D4AB8E /* RepositoriesTableViewController.xib in Resources */ = {isa = PBXBuildFile; fileRef = 050125A51AB1F87700D4AB8E /* RepositoriesTableViewController.xib */; };
		0514FCC21ABB556A00FFF812 /* FilesTableViewController.m in Sources */ = {isa = PBXBuildFile; fileRef = 0514FCC01ABB556A00FFF812 /* FilesTableViewController.m */; };
		0514FCC31ABB556A00FFF812 /* FilesTableViewController.xib in Resources */ = {isa = PBXBuildFile; fileRef = 0514FCC11ABB556A00FFF812 /* FilesTableViewController.xib */; };
		052EBA951AAC8EE500A73198 /* FollowingTableViewController.m in Sources */ = {isa = PBXBuildFile; fileRef = 052EBA931AAC8EE500A73198 /* FollowingTableViewController.m */; };
		052EBA961AAC8EE500A73198 /* FollowingTableViewController.xib in Resources */ = {isa = PBXBuildFile; fileRef = 052EBA941AAC8EE500A73198 /* FollowingTableViewController.xib */; };
		05409BC51A910B8E00BDD34E /* NSObject+SBJSON.m in Sources */ = {isa = PBXBuildFile; fileRef = 05409BBC1A910B8E00BDD34E /* NSObject+SBJSON.m */; settings = {COMPILER_FLAGS = "-fno-objc-arc"; }; };
		05409BC61A910B8E00BDD34E /* NSString+SBJSON.m in Sources */ = {isa = PBXBuildFile; fileRef = 05409BBE1A910B8E00BDD34E /* NSString+SBJSON.m */; settings = {COMPILER_FLAGS = "-fno-objc-arc"; }; };
		05409BC71A910B8E00BDD34E /* SBJsonBase.m in Sources */ = {isa = PBXBuildFile; fileRef = 05409BC01A910B8E00BDD34E /* SBJsonBase.m */; settings = {COMPILER_FLAGS = "-fno-objc-arc"; }; };
		05409BC81A910B8E00BDD34E /* SBJsonParser.m in Sources */ = {isa = PBXBuildFile; fileRef = 05409BC21A910B8E00BDD34E /* SBJsonParser.m */; settings = {COMPILER_FLAGS = "-fno-objc-arc"; }; };
		05409BC91A910B8E00BDD34E /* SBJsonWriter.m in Sources */ = {isa = PBXBuildFile; fileRef = 05409BC41A910B8E00BDD34E /* SBJsonWriter.m */; settings = {COMPILER_FLAGS = "-fno-objc-arc"; }; };
		05409BCA1A910C5500BDD34E /* SBJsonParser.h in Sources */ = {isa = PBXBuildFile; fileRef = 05409BC11A910B8E00BDD34E /* SBJsonParser.h */; settings = {COMPILER_FLAGS = "-fno-objc-arc"; }; };
		05409BE71A910D0B00BDD34E /* OAAttachment.m in Sources */ = {isa = PBXBuildFile; fileRef = 05409BCD1A910D0B00BDD34E /* OAAttachment.m */; settings = {COMPILER_FLAGS = "-fno-objc-arc"; }; };
		05409BE81A910D0B00BDD34E /* OACall.m in Sources */ = {isa = PBXBuildFile; fileRef = 05409BCF1A910D0B00BDD34E /* OACall.m */; settings = {COMPILER_FLAGS = "-fno-objc-arc"; }; };
		05409BE91A910D0B00BDD34E /* OAConsumer.m in Sources */ = {isa = PBXBuildFile; fileRef = 05409BD11A910D0B00BDD34E /* OAConsumer.m */; settings = {COMPILER_FLAGS = "-fno-objc-arc"; }; };
		05409BEA1A910D0B00BDD34E /* OADataFetcher.m in Sources */ = {isa = PBXBuildFile; fileRef = 05409BD31A910D0B00BDD34E /* OADataFetcher.m */; settings = {COMPILER_FLAGS = "-fno-objc-arc"; }; };
		05409BEB1A910D0B00BDD34E /* OAHMAC_SHA1SignatureProvider.m in Sources */ = {isa = PBXBuildFile; fileRef = 05409BD51A910D0B00BDD34E /* OAHMAC_SHA1SignatureProvider.m */; settings = {COMPILER_FLAGS = "-fno-objc-arc"; }; };
		05409BEC1A910D0B00BDD34E /* OAMutableURLRequest.m in Sources */ = {isa = PBXBuildFile; fileRef = 05409BD71A910D0B00BDD34E /* OAMutableURLRequest.m */; settings = {COMPILER_FLAGS = "-fno-objc-arc"; }; };
		05409BED1A910D0B00BDD34E /* OAPlaintextSignatureProvider.m in Sources */ = {isa = PBXBuildFile; fileRef = 05409BD91A910D0B00BDD34E /* OAPlaintextSignatureProvider.m */; settings = {COMPILER_FLAGS = "-fno-objc-arc"; }; };
		05409BEE1A910D0B00BDD34E /* OAProblem.m in Sources */ = {isa = PBXBuildFile; fileRef = 05409BDB1A910D0B00BDD34E /* OAProblem.m */; settings = {COMPILER_FLAGS = "-fno-objc-arc"; }; };
		05409BEF1A910D0B00BDD34E /* OARequestParameter.m in Sources */ = {isa = PBXBuildFile; fileRef = 05409BDD1A910D0B00BDD34E /* OARequestParameter.m */; settings = {COMPILER_FLAGS = "-fno-objc-arc"; }; };
		05409BF01A910D0B00BDD34E /* OAServiceTicket.m in Sources */ = {isa = PBXBuildFile; fileRef = 05409BDF1A910D0B00BDD34E /* OAServiceTicket.m */; settings = {COMPILER_FLAGS = "-fno-objc-arc"; }; };
		05409BF11A910D0B00BDD34E /* OATestServer.rb in Resources */ = {isa = PBXBuildFile; fileRef = 05409BE11A910D0B00BDD34E /* OATestServer.rb */; };
		05409BF21A910D0B00BDD34E /* OAToken.m in Sources */ = {isa = PBXBuildFile; fileRef = 05409BE31A910D0B00BDD34E /* OAToken.m */; settings = {COMPILER_FLAGS = "-fno-objc-arc"; }; };
		05409BF31A910D0B00BDD34E /* OATokenManager.m in Sources */ = {isa = PBXBuildFile; fileRef = 05409BE51A910D0B00BDD34E /* OATokenManager.m */; settings = {COMPILER_FLAGS = "-fno-objc-arc"; }; };
		05409BF41A910D6800BDD34E /* OARequestParameter.h in Sources */ = {isa = PBXBuildFile; fileRef = 05409BDC1A910D0B00BDD34E /* OARequestParameter.h */; settings = {COMPILER_FLAGS = "-fno-objc-arc"; }; };
		05409BF51A910D8500BDD34E /* OAMutableURLRequest.h in Sources */ = {isa = PBXBuildFile; fileRef = 05409BD61A910D0B00BDD34E /* OAMutableURLRequest.h */; settings = {COMPILER_FLAGS = "-fno-objc-arc"; }; };
		05409C061A910E5900BDD34E /* NSMutableURLRequest+Parameters.m in Sources */ = {isa = PBXBuildFile; fileRef = 05409BF81A910E5900BDD34E /* NSMutableURLRequest+Parameters.m */; settings = {COMPILER_FLAGS = "-fno-objc-arc"; }; };
		05409C071A910E5900BDD34E /* NSString+URLEncoding.m in Sources */ = {isa = PBXBuildFile; fileRef = 05409BFA1A910E5900BDD34E /* NSString+URLEncoding.m */; settings = {COMPILER_FLAGS = "-fno-objc-arc"; }; };
		05409C081A910E5900BDD34E /* NSURL+Base.m in Sources */ = {isa = PBXBuildFile; fileRef = 05409BFC1A910E5900BDD34E /* NSURL+Base.m */; settings = {COMPILER_FLAGS = "-fno-objc-arc"; }; };
		05409C091A910E5900BDD34E /* Base64Transcoder.c in Sources */ = {isa = PBXBuildFile; fileRef = 05409BFE1A910E5900BDD34E /* Base64Transcoder.c */; settings = {COMPILER_FLAGS = "-fno-objc-arc"; }; };
		05409C0A1A910E5900BDD34E /* hmac.c in Sources */ = {isa = PBXBuildFile; fileRef = 05409C001A910E5900BDD34E /* hmac.c */; settings = {COMPILER_FLAGS = "-fno-objc-arc"; }; };
		05409C0B1A910E5900BDD34E /* sha1.c in Sources */ = {isa = PBXBuildFile; fileRef = 05409C021A910E5900BDD34E /* sha1.c */; settings = {COMPILER_FLAGS = "-fno-objc-arc"; }; };
		05409C0C1A910E5900BDD34E /* README in Resources */ = {isa = PBXBuildFile; fileRef = 05409C041A910E5900BDD34E /* README */; };
		05409C0D1A910E5900BDD34E /* README.md in Sources */ = {isa = PBXBuildFile; fileRef = 05409C051A910E5900BDD34E /* README.md */; settings = {COMPILER_FLAGS = "-fno-objc-arc"; }; };
		054CC2A11A89142D00D8CC0B /* WebViewController.m in Sources */ = {isa = PBXBuildFile; fileRef = 054CC29F1A89142D00D8CC0B /* WebViewController.m */; settings = {COMPILER_FLAGS = "-fno-objc-arc"; }; };
		054CC2A21A89142D00D8CC0B /* WebViewController.xib in Resources */ = {isa = PBXBuildFile; fileRef = 054CC2A01A89142D00D8CC0B /* WebViewController.xib */; };
		057052BE19FBB38800C84DAB /* main.m in Sources */ = {isa = PBXBuildFile; fileRef = 057052BD19FBB38800C84DAB /* main.m */; settings = {COMPILER_FLAGS = "-fno-objc-arc"; }; };
		057052C119FBB38800C84DAB /* AppDelegate.m in Sources */ = {isa = PBXBuildFile; fileRef = 057052C019FBB38800C84DAB /* AppDelegate.m */; settings = {COMPILER_FLAGS = "-fno-objc-arc"; }; };
		057052C419FBB38800C84DAB /* ViewController.m in Sources */ = {isa = PBXBuildFile; fileRef = 057052C319FBB38800C84DAB /* ViewController.m */; settings = {COMPILER_FLAGS = "-fno-objc-arc"; }; };
		057052C719FBB38800C84DAB /* Main.storyboard in Resources */ = {isa = PBXBuildFile; fileRef = 057052C519FBB38800C84DAB /* Main.storyboard */; };
		057052C919FBB38800C84DAB /* Images.xcassets in Resources */ = {isa = PBXBuildFile; fileRef = 057052C819FBB38800C84DAB /* Images.xcassets */; };
		057052CC19FBB38800C84DAB /* LaunchScreen.xib in Resources */ = {isa = PBXBuildFile; fileRef = 057052CA19FBB38800C84DAB /* LaunchScreen.xib */; };
		057052D819FBB38800C84DAB /* cloudHubTests.m in Sources */ = {isa = PBXBuildFile; fileRef = 057052D719FBB38800C84DAB /* cloudHubTests.m */; };
		057052F419FBB54E00C84DAB /* CFNetwork.framework in Frameworks */ = {isa = PBXBuildFile; fileRef = 057052F319FBB54E00C84DAB /* CFNetwork.framework */; };
		057052F619FBB55700C84DAB /* CoreData.framework in Frameworks */ = {isa = PBXBuildFile; fileRef = 057052F519FBB55700C84DAB /* CoreData.framework */; };
		057052F819FBB56300C84DAB /* MobileCoreServices.framework in Frameworks */ = {isa = PBXBuildFile; fileRef = 057052F719FBB56300C84DAB /* MobileCoreServices.framework */; };
		057052FA19FBB56F00C84DAB /* Security.framework in Frameworks */ = {isa = PBXBuildFile; fileRef = 057052F919FBB56F00C84DAB /* Security.framework */; };
		057052FC19FBB58000C84DAB /* SystemConfiguration.framework in Frameworks */ = {isa = PBXBuildFile; fileRef = 057052FB19FBB58000C84DAB /* SystemConfiguration.framework */; };
		0570530019FBB76500C84DAB /* GHUser.m in Sources */ = {isa = PBXBuildFile; fileRef = 057052FF19FBB76500C84DAB /* GHUser.m */; settings = {COMPILER_FLAGS = "-fno-objc-arc"; }; };
		0570530319FBBF5000C84DAB /* CoreFoundation.framework in Frameworks */ = {isa = PBXBuildFile; fileRef = 0570530219FBBF5000C84DAB /* CoreFoundation.framework */; };
		057FC6811AA5E88100AB1878 /* TableViewController.m in Sources */ = {isa = PBXBuildFile; fileRef = 057FC67F1AA5E88100AB1878 /* TableViewController.m */; };
		057FC6821AA5E88100AB1878 /* TableViewController.xib in Resources */ = {isa = PBXBuildFile; fileRef = 057FC6801AA5E88100AB1878 /* TableViewController.xib */; };
		059208AD1AAE1305004E771E /* EventsTableViewController.m in Sources */ = {isa = PBXBuildFile; fileRef = 059208AB1AAE1305004E771E /* EventsTableViewController.m */; };
		059208AE1AAE1305004E771E /* EventsTableViewController.xib in Resources */ = {isa = PBXBuildFile; fileRef = 059208AC1AAE1305004E771E /* EventsTableViewController.xib */; };
		059208B61AAE1D12004E771E /* GHEvents.m in Sources */ = {isa = PBXBuildFile; fileRef = 059208B51AAE1D12004E771E /* GHEvents.m */; };
		059208BB1AAE2440004E771E /* GHRepo.m in Sources */ = {isa = PBXBuildFile; fileRef = 059208BA1AAE2440004E771E /* GHRepo.m */; };
		0597642719FC0010002C2C76 /* libRestKit.a in Frameworks */ = {isa = PBXBuildFile; fileRef = 057052E919FBB4D300C84DAB /* libRestKit.a */; };
		05BC97161AAB1BCA00C98BB3 /* ProfileNavigationViewController.m in Sources */ = {isa = PBXBuildFile; fileRef = 05BC97141AAB1BCA00C98BB3 /* ProfileNavigationViewController.m */; };
		05BC97171AAB1BCA00C98BB3 /* ProfileNavigationViewController.xib in Resources */ = {isa = PBXBuildFile; fileRef = 05BC97151AAB1BCA00C98BB3 /* ProfileNavigationViewController.xib */; };
		05D96F211AA9D63600B54F0E /* FollowersTableViewController.m in Sources */ = {isa = PBXBuildFile; fileRef = 05D96F201AA9D63600B54F0E /* FollowersTableViewController.m */; };
/* End PBXBuildFile section */

/* Begin PBXContainerItemProxy section */
		057052D219FBB38800C84DAB /* PBXContainerItemProxy */ = {
			isa = PBXContainerItemProxy;
			containerPortal = 057052B019FBB38700C84DAB /* Project object */;
			proxyType = 1;
			remoteGlobalIDString = 057052B719FBB38800C84DAB;
			remoteInfo = cloudHub;
		};
		057052E819FBB4D300C84DAB /* PBXContainerItemProxy */ = {
			isa = PBXContainerItemProxy;
			containerPortal = 057052E119FBB4D300C84DAB /* RestKit.xcodeproj */;
			proxyType = 2;
			remoteGlobalIDString = 25160D1614564E810060A5C5;
			remoteInfo = RestKit;
		};
		057052EA19FBB4D300C84DAB /* PBXContainerItemProxy */ = {
			isa = PBXContainerItemProxy;
			containerPortal = 057052E119FBB4D300C84DAB /* RestKit.xcodeproj */;
			proxyType = 2;
			remoteGlobalIDString = 25160D2614564E820060A5C5;
			remoteInfo = RestKitTests;
		};
		057052EC19FBB4D300C84DAB /* PBXContainerItemProxy */ = {
			isa = PBXContainerItemProxy;
			containerPortal = 057052E119FBB4D300C84DAB /* RestKit.xcodeproj */;
			proxyType = 2;
			remoteGlobalIDString = 25160E62145651060060A5C5;
			remoteInfo = RestKitFramework;
		};
		057052EE19FBB4D300C84DAB /* PBXContainerItemProxy */ = {
			isa = PBXContainerItemProxy;
			containerPortal = 057052E119FBB4D300C84DAB /* RestKit.xcodeproj */;
			proxyType = 2;
			remoteGlobalIDString = 25160E78145651060060A5C5;
			remoteInfo = RestKitFrameworkTests;
		};
		057052F019FBB53100C84DAB /* PBXContainerItemProxy */ = {
			isa = PBXContainerItemProxy;
			containerPortal = 057052E119FBB4D300C84DAB /* RestKit.xcodeproj */;
			proxyType = 1;
			remoteGlobalIDString = 25160D1514564E810060A5C5;
			remoteInfo = RestKit;
		};
/* End PBXContainerItemProxy section */

/* Begin PBXFileReference section */
		050125A31AB1F87700D4AB8E /* RepositoriesTableViewController.h */ = {isa = PBXFileReference; fileEncoding = 4; lastKnownFileType = sourcecode.c.h; path = RepositoriesTableViewController.h; sourceTree = "<group>"; };
		050125A41AB1F87700D4AB8E /* RepositoriesTableViewController.m */ = {isa = PBXFileReference; fileEncoding = 4; lastKnownFileType = sourcecode.c.objc; path = RepositoriesTableViewController.m; sourceTree = "<group>"; };
		050125A51AB1F87700D4AB8E /* RepositoriesTableViewController.xib */ = {isa = PBXFileReference; fileEncoding = 4; lastKnownFileType = file.xib; path = RepositoriesTableViewController.xib; sourceTree = "<group>"; };
		0514FCBF1ABB556A00FFF812 /* FilesTableViewController.h */ = {isa = PBXFileReference; fileEncoding = 4; lastKnownFileType = sourcecode.c.h; path = FilesTableViewController.h; sourceTree = "<group>"; };
		0514FCC01ABB556A00FFF812 /* FilesTableViewController.m */ = {isa = PBXFileReference; fileEncoding = 4; lastKnownFileType = sourcecode.c.objc; path = FilesTableViewController.m; sourceTree = "<group>"; };
		0514FCC11ABB556A00FFF812 /* FilesTableViewController.xib */ = {isa = PBXFileReference; fileEncoding = 4; lastKnownFileType = file.xib; path = FilesTableViewController.xib; sourceTree = "<group>"; };
		052EBA921AAC8EE500A73198 /* FollowingTableViewController.h */ = {isa = PBXFileReference; fileEncoding = 4; lastKnownFileType = sourcecode.c.h; path = FollowingTableViewController.h; sourceTree = "<group>"; };
		052EBA931AAC8EE500A73198 /* FollowingTableViewController.m */ = {isa = PBXFileReference; fileEncoding = 4; lastKnownFileType = sourcecode.c.objc; path = FollowingTableViewController.m; sourceTree = "<group>"; };
		052EBA941AAC8EE500A73198 /* FollowingTableViewController.xib */ = {isa = PBXFileReference; fileEncoding = 4; lastKnownFileType = file.xib; path = FollowingTableViewController.xib; sourceTree = "<group>"; };
		05409BBA1A910B8E00BDD34E /* JSON.h */ = {isa = PBXFileReference; fileEncoding = 4; lastKnownFileType = sourcecode.c.h; name = JSON.h; path = "../../../../Downloads/JSON-master/JSON/JSON.h"; sourceTree = "<group>"; };
		05409BBB1A910B8E00BDD34E /* NSObject+SBJSON.h */ = {isa = PBXFileReference; fileEncoding = 4; lastKnownFileType = sourcecode.c.h; name = "NSObject+SBJSON.h"; path = "../../../../Downloads/JSON-master/JSON/NSObject+SBJSON.h"; sourceTree = "<group>"; };
		05409BBC1A910B8E00BDD34E /* NSObject+SBJSON.m */ = {isa = PBXFileReference; fileEncoding = 4; lastKnownFileType = sourcecode.c.objc; name = "NSObject+SBJSON.m"; path = "../../../../Downloads/JSON-master/JSON/NSObject+SBJSON.m"; sourceTree = "<group>"; };
		05409BBD1A910B8E00BDD34E /* NSString+SBJSON.h */ = {isa = PBXFileReference; fileEncoding = 4; lastKnownFileType = sourcecode.c.h; name = "NSString+SBJSON.h"; path = "../../../../Downloads/JSON-master/JSON/NSString+SBJSON.h"; sourceTree = "<group>"; };
		05409BBE1A910B8E00BDD34E /* NSString+SBJSON.m */ = {isa = PBXFileReference; fileEncoding = 4; lastKnownFileType = sourcecode.c.objc; name = "NSString+SBJSON.m"; path = "../../../../Downloads/JSON-master/JSON/NSString+SBJSON.m"; sourceTree = "<group>"; };
		05409BBF1A910B8E00BDD34E /* SBJsonBase.h */ = {isa = PBXFileReference; fileEncoding = 4; lastKnownFileType = sourcecode.c.h; name = SBJsonBase.h; path = "../../../../Downloads/JSON-master/JSON/SBJsonBase.h"; sourceTree = "<group>"; };
		05409BC01A910B8E00BDD34E /* SBJsonBase.m */ = {isa = PBXFileReference; fileEncoding = 4; lastKnownFileType = sourcecode.c.objc; name = SBJsonBase.m; path = "../../../../Downloads/JSON-master/JSON/SBJsonBase.m"; sourceTree = "<group>"; };
		05409BC11A910B8E00BDD34E /* SBJsonParser.h */ = {isa = PBXFileReference; fileEncoding = 4; lastKnownFileType = sourcecode.c.h; name = SBJsonParser.h; path = "../../../../Downloads/JSON-master/JSON/SBJsonParser.h"; sourceTree = "<group>"; };
		05409BC21A910B8E00BDD34E /* SBJsonParser.m */ = {isa = PBXFileReference; fileEncoding = 4; lastKnownFileType = sourcecode.c.objc; name = SBJsonParser.m; path = "../../../../Downloads/JSON-master/JSON/SBJsonParser.m"; sourceTree = "<group>"; };
		05409BC31A910B8E00BDD34E /* SBJsonWriter.h */ = {isa = PBXFileReference; fileEncoding = 4; lastKnownFileType = sourcecode.c.h; name = SBJsonWriter.h; path = "../../../../Downloads/JSON-master/JSON/SBJsonWriter.h"; sourceTree = "<group>"; };
		05409BC41A910B8E00BDD34E /* SBJsonWriter.m */ = {isa = PBXFileReference; fileEncoding = 4; lastKnownFileType = sourcecode.c.objc; name = SBJsonWriter.m; path = "../../../../Downloads/JSON-master/JSON/SBJsonWriter.m"; sourceTree = "<group>"; };
		05409BCC1A910D0B00BDD34E /* OAAttachment.h */ = {isa = PBXFileReference; fileEncoding = 4; lastKnownFileType = sourcecode.c.h; name = OAAttachment.h; path = "../../../../Downloads/oauth-master/OAAttachment.h"; sourceTree = "<group>"; };
		05409BCD1A910D0B00BDD34E /* OAAttachment.m */ = {isa = PBXFileReference; fileEncoding = 4; lastKnownFileType = sourcecode.c.objc; name = OAAttachment.m; path = "../../../../Downloads/oauth-master/OAAttachment.m"; sourceTree = "<group>"; };
		05409BCE1A910D0B00BDD34E /* OACall.h */ = {isa = PBXFileReference; fileEncoding = 4; lastKnownFileType = sourcecode.c.h; name = OACall.h; path = "../../../../Downloads/oauth-master/OACall.h"; sourceTree = "<group>"; };
		05409BCF1A910D0B00BDD34E /* OACall.m */ = {isa = PBXFileReference; fileEncoding = 4; lastKnownFileType = sourcecode.c.objc; name = OACall.m; path = "../../../../Downloads/oauth-master/OACall.m"; sourceTree = "<group>"; };
		05409BD01A910D0B00BDD34E /* OAConsumer.h */ = {isa = PBXFileReference; fileEncoding = 4; lastKnownFileType = sourcecode.c.h; name = OAConsumer.h; path = "../../../../Downloads/oauth-master/OAConsumer.h"; sourceTree = "<group>"; };
		05409BD11A910D0B00BDD34E /* OAConsumer.m */ = {isa = PBXFileReference; fileEncoding = 4; lastKnownFileType = sourcecode.c.objc; name = OAConsumer.m; path = "../../../../Downloads/oauth-master/OAConsumer.m"; sourceTree = "<group>"; };
		05409BD21A910D0B00BDD34E /* OADataFetcher.h */ = {isa = PBXFileReference; fileEncoding = 4; lastKnownFileType = sourcecode.c.h; name = OADataFetcher.h; path = "../../../../Downloads/oauth-master/OADataFetcher.h"; sourceTree = "<group>"; };
		05409BD31A910D0B00BDD34E /* OADataFetcher.m */ = {isa = PBXFileReference; fileEncoding = 4; lastKnownFileType = sourcecode.c.objc; name = OADataFetcher.m; path = "../../../../Downloads/oauth-master/OADataFetcher.m"; sourceTree = "<group>"; };
		05409BD41A910D0B00BDD34E /* OAHMAC_SHA1SignatureProvider.h */ = {isa = PBXFileReference; fileEncoding = 4; lastKnownFileType = sourcecode.c.h; name = OAHMAC_SHA1SignatureProvider.h; path = "../../../../Downloads/oauth-master/OAHMAC_SHA1SignatureProvider.h"; sourceTree = "<group>"; };
		05409BD51A910D0B00BDD34E /* OAHMAC_SHA1SignatureProvider.m */ = {isa = PBXFileReference; fileEncoding = 4; lastKnownFileType = sourcecode.c.objc; name = OAHMAC_SHA1SignatureProvider.m; path = "../../../../Downloads/oauth-master/OAHMAC_SHA1SignatureProvider.m"; sourceTree = "<group>"; };
		05409BD61A910D0B00BDD34E /* OAMutableURLRequest.h */ = {isa = PBXFileReference; fileEncoding = 4; lastKnownFileType = sourcecode.c.h; name = OAMutableURLRequest.h; path = "../../../../Downloads/oauth-master/OAMutableURLRequest.h"; sourceTree = "<group>"; };
		05409BD71A910D0B00BDD34E /* OAMutableURLRequest.m */ = {isa = PBXFileReference; fileEncoding = 4; lastKnownFileType = sourcecode.c.objc; name = OAMutableURLRequest.m; path = "../../../../Downloads/oauth-master/OAMutableURLRequest.m"; sourceTree = "<group>"; };
		05409BD81A910D0B00BDD34E /* OAPlaintextSignatureProvider.h */ = {isa = PBXFileReference; fileEncoding = 4; lastKnownFileType = sourcecode.c.h; name = OAPlaintextSignatureProvider.h; path = "../../../../Downloads/oauth-master/OAPlaintextSignatureProvider.h"; sourceTree = "<group>"; };
		05409BD91A910D0B00BDD34E /* OAPlaintextSignatureProvider.m */ = {isa = PBXFileReference; fileEncoding = 4; lastKnownFileType = sourcecode.c.objc; name = OAPlaintextSignatureProvider.m; path = "../../../../Downloads/oauth-master/OAPlaintextSignatureProvider.m"; sourceTree = "<group>"; };
		05409BDA1A910D0B00BDD34E /* OAProblem.h */ = {isa = PBXFileReference; fileEncoding = 4; lastKnownFileType = sourcecode.c.h; name = OAProblem.h; path = "../../../../Downloads/oauth-master/OAProblem.h"; sourceTree = "<group>"; };
		05409BDB1A910D0B00BDD34E /* OAProblem.m */ = {isa = PBXFileReference; fileEncoding = 4; lastKnownFileType = sourcecode.c.objc; name = OAProblem.m; path = "../../../../Downloads/oauth-master/OAProblem.m"; sourceTree = "<group>"; };
		05409BDC1A910D0B00BDD34E /* OARequestParameter.h */ = {isa = PBXFileReference; fileEncoding = 4; lastKnownFileType = sourcecode.c.h; name = OARequestParameter.h; path = "../../../../Downloads/oauth-master/OARequestParameter.h"; sourceTree = "<group>"; };
		05409BDD1A910D0B00BDD34E /* OARequestParameter.m */ = {isa = PBXFileReference; fileEncoding = 4; lastKnownFileType = sourcecode.c.objc; name = OARequestParameter.m; path = "../../../../Downloads/oauth-master/OARequestParameter.m"; sourceTree = "<group>"; };
		05409BDE1A910D0B00BDD34E /* OAServiceTicket.h */ = {isa = PBXFileReference; fileEncoding = 4; lastKnownFileType = sourcecode.c.h; name = OAServiceTicket.h; path = "../../../../Downloads/oauth-master/OAServiceTicket.h"; sourceTree = "<group>"; };
		05409BDF1A910D0B00BDD34E /* OAServiceTicket.m */ = {isa = PBXFileReference; fileEncoding = 4; lastKnownFileType = sourcecode.c.objc; name = OAServiceTicket.m; path = "../../../../Downloads/oauth-master/OAServiceTicket.m"; sourceTree = "<group>"; };
		05409BE01A910D0B00BDD34E /* OASignatureProviding.h */ = {isa = PBXFileReference; fileEncoding = 4; lastKnownFileType = sourcecode.c.h; name = OASignatureProviding.h; path = "../../../../Downloads/oauth-master/OASignatureProviding.h"; sourceTree = "<group>"; };
		05409BE11A910D0B00BDD34E /* OATestServer.rb */ = {isa = PBXFileReference; fileEncoding = 4; lastKnownFileType = text.script.ruby; name = OATestServer.rb; path = "../../../../Downloads/oauth-master/OATestServer.rb"; sourceTree = "<group>"; };
		05409BE21A910D0B00BDD34E /* OAToken.h */ = {isa = PBXFileReference; fileEncoding = 4; lastKnownFileType = sourcecode.c.h; name = OAToken.h; path = "../../../../Downloads/oauth-master/OAToken.h"; sourceTree = "<group>"; };
		05409BE31A910D0B00BDD34E /* OAToken.m */ = {isa = PBXFileReference; fileEncoding = 4; lastKnownFileType = sourcecode.c.objc; name = OAToken.m; path = "../../../../Downloads/oauth-master/OAToken.m"; sourceTree = "<group>"; };
		05409BE41A910D0B00BDD34E /* OATokenManager.h */ = {isa = PBXFileReference; fileEncoding = 4; lastKnownFileType = sourcecode.c.h; name = OATokenManager.h; path = "../../../../Downloads/oauth-master/OATokenManager.h"; sourceTree = "<group>"; };
		05409BE51A910D0B00BDD34E /* OATokenManager.m */ = {isa = PBXFileReference; fileEncoding = 4; lastKnownFileType = sourcecode.c.objc; name = OATokenManager.m; path = "../../../../Downloads/oauth-master/OATokenManager.m"; sourceTree = "<group>"; };
		05409BE61A910D0B00BDD34E /* OAuthConsumer.h */ = {isa = PBXFileReference; fileEncoding = 4; lastKnownFileType = sourcecode.c.h; name = OAuthConsumer.h; path = "../../../../Downloads/oauth-master/OAuthConsumer.h"; sourceTree = "<group>"; };
		05409BF71A910E5900BDD34E /* NSMutableURLRequest+Parameters.h */ = {isa = PBXFileReference; fileEncoding = 4; lastKnownFileType = sourcecode.c.h; path = "NSMutableURLRequest+Parameters.h"; sourceTree = "<group>"; };
		05409BF81A910E5900BDD34E /* NSMutableURLRequest+Parameters.m */ = {isa = PBXFileReference; fileEncoding = 4; lastKnownFileType = sourcecode.c.objc; path = "NSMutableURLRequest+Parameters.m"; sourceTree = "<group>"; };
		05409BF91A910E5900BDD34E /* NSString+URLEncoding.h */ = {isa = PBXFileReference; fileEncoding = 4; lastKnownFileType = sourcecode.c.h; path = "NSString+URLEncoding.h"; sourceTree = "<group>"; };
		05409BFA1A910E5900BDD34E /* NSString+URLEncoding.m */ = {isa = PBXFileReference; fileEncoding = 4; lastKnownFileType = sourcecode.c.objc; path = "NSString+URLEncoding.m"; sourceTree = "<group>"; };
		05409BFB1A910E5900BDD34E /* NSURL+Base.h */ = {isa = PBXFileReference; fileEncoding = 4; lastKnownFileType = sourcecode.c.h; path = "NSURL+Base.h"; sourceTree = "<group>"; };
		05409BFC1A910E5900BDD34E /* NSURL+Base.m */ = {isa = PBXFileReference; fileEncoding = 4; lastKnownFileType = sourcecode.c.objc; path = "NSURL+Base.m"; sourceTree = "<group>"; };
		05409BFE1A910E5900BDD34E /* Base64Transcoder.c */ = {isa = PBXFileReference; fileEncoding = 4; lastKnownFileType = sourcecode.c.c; path = Base64Transcoder.c; sourceTree = "<group>"; };
		05409BFF1A910E5900BDD34E /* Base64Transcoder.h */ = {isa = PBXFileReference; fileEncoding = 4; lastKnownFileType = sourcecode.c.h; path = Base64Transcoder.h; sourceTree = "<group>"; };
		05409C001A910E5900BDD34E /* hmac.c */ = {isa = PBXFileReference; fileEncoding = 4; lastKnownFileType = sourcecode.c.c; path = hmac.c; sourceTree = "<group>"; };
		05409C011A910E5900BDD34E /* hmac.h */ = {isa = PBXFileReference; fileEncoding = 4; lastKnownFileType = sourcecode.c.h; path = hmac.h; sourceTree = "<group>"; };
		05409C021A910E5900BDD34E /* sha1.c */ = {isa = PBXFileReference; fileEncoding = 4; lastKnownFileType = sourcecode.c.c; path = sha1.c; sourceTree = "<group>"; };
		05409C031A910E5900BDD34E /* sha1.h */ = {isa = PBXFileReference; fileEncoding = 4; lastKnownFileType = sourcecode.c.h; path = sha1.h; sourceTree = "<group>"; };
		05409C041A910E5900BDD34E /* README */ = {isa = PBXFileReference; fileEncoding = 4; lastKnownFileType = text; name = README; path = "../../../../Downloads/oauth-master/README"; sourceTree = "<group>"; };
		05409C051A910E5900BDD34E /* README.md */ = {isa = PBXFileReference; fileEncoding = 4; lastKnownFileType = net.daringfireball.markdown; name = README.md; path = "../../../../Downloads/oauth-master/README.md"; sourceTree = "<group>"; };
		054CC29E1A89142D00D8CC0B /* WebViewController.h */ = {isa = PBXFileReference; fileEncoding = 4; lastKnownFileType = sourcecode.c.h; path = WebViewController.h; sourceTree = "<group>"; };
		054CC29F1A89142D00D8CC0B /* WebViewController.m */ = {isa = PBXFileReference; fileEncoding = 4; lastKnownFileType = sourcecode.c.objc; path = WebViewController.m; sourceTree = "<group>"; };
		054CC2A01A89142D00D8CC0B /* WebViewController.xib */ = {isa = PBXFileReference; fileEncoding = 4; lastKnownFileType = file.xib; path = WebViewController.xib; sourceTree = "<group>"; };
		057052B819FBB38800C84DAB /* cloudHub.app */ = {isa = PBXFileReference; explicitFileType = wrapper.application; includeInIndex = 0; path = cloudHub.app; sourceTree = BUILT_PRODUCTS_DIR; };
		057052BC19FBB38800C84DAB /* Info.plist */ = {isa = PBXFileReference; lastKnownFileType = text.plist.xml; path = Info.plist; sourceTree = "<group>"; };
		057052BD19FBB38800C84DAB /* main.m */ = {isa = PBXFileReference; lastKnownFileType = sourcecode.c.objc; path = main.m; sourceTree = "<group>"; };
		057052BF19FBB38800C84DAB /* AppDelegate.h */ = {isa = PBXFileReference; lastKnownFileType = sourcecode.c.h; path = AppDelegate.h; sourceTree = "<group>"; };
		057052C019FBB38800C84DAB /* AppDelegate.m */ = {isa = PBXFileReference; lastKnownFileType = sourcecode.c.objc; path = AppDelegate.m; sourceTree = "<group>"; };
		057052C219FBB38800C84DAB /* ViewController.h */ = {isa = PBXFileReference; lastKnownFileType = sourcecode.c.h; path = ViewController.h; sourceTree = "<group>"; };
		057052C319FBB38800C84DAB /* ViewController.m */ = {isa = PBXFileReference; lastKnownFileType = sourcecode.c.objc; path = ViewController.m; sourceTree = "<group>"; };
		057052C619FBB38800C84DAB /* Base */ = {isa = PBXFileReference; lastKnownFileType = file.storyboard; name = Base; path = Base.lproj/Main.storyboard; sourceTree = "<group>"; };
		057052C819FBB38800C84DAB /* Images.xcassets */ = {isa = PBXFileReference; lastKnownFileType = folder.assetcatalog; path = Images.xcassets; sourceTree = "<group>"; };
		057052CB19FBB38800C84DAB /* Base */ = {isa = PBXFileReference; lastKnownFileType = file.xib; name = Base; path = Base.lproj/LaunchScreen.xib; sourceTree = "<group>"; };
		057052D119FBB38800C84DAB /* cloudHubTests.xctest */ = {isa = PBXFileReference; explicitFileType = wrapper.cfbundle; includeInIndex = 0; path = cloudHubTests.xctest; sourceTree = BUILT_PRODUCTS_DIR; };
		057052D619FBB38800C84DAB /* Info.plist */ = {isa = PBXFileReference; lastKnownFileType = text.plist.xml; path = Info.plist; sourceTree = "<group>"; };
		057052D719FBB38800C84DAB /* cloudHubTests.m */ = {isa = PBXFileReference; lastKnownFileType = sourcecode.c.objc; path = cloudHubTests.m; sourceTree = "<group>"; };
		057052E119FBB4D300C84DAB /* RestKit.xcodeproj */ = {isa = PBXFileReference; lastKnownFileType = "wrapper.pb-project"; name = RestKit.xcodeproj; path = RestKit/RestKit.xcodeproj; sourceTree = "<group>"; };
		057052F319FBB54E00C84DAB /* CFNetwork.framework */ = {isa = PBXFileReference; lastKnownFileType = wrapper.framework; name = CFNetwork.framework; path = System/Library/Frameworks/CFNetwork.framework; sourceTree = SDKROOT; };
		057052F519FBB55700C84DAB /* CoreData.framework */ = {isa = PBXFileReference; lastKnownFileType = wrapper.framework; name = CoreData.framework; path = System/Library/Frameworks/CoreData.framework; sourceTree = SDKROOT; };
		057052F719FBB56300C84DAB /* MobileCoreServices.framework */ = {isa = PBXFileReference; lastKnownFileType = wrapper.framework; name = MobileCoreServices.framework; path = System/Library/Frameworks/MobileCoreServices.framework; sourceTree = SDKROOT; };
		057052F919FBB56F00C84DAB /* Security.framework */ = {isa = PBXFileReference; lastKnownFileType = wrapper.framework; name = Security.framework; path = System/Library/Frameworks/Security.framework; sourceTree = SDKROOT; };
		057052FB19FBB58000C84DAB /* SystemConfiguration.framework */ = {isa = PBXFileReference; lastKnownFileType = wrapper.framework; name = SystemConfiguration.framework; path = System/Library/Frameworks/SystemConfiguration.framework; sourceTree = SDKROOT; };
		057052FE19FBB5D200C84DAB /* cloudHub-prefix.pch */ = {isa = PBXFileReference; lastKnownFileType = sourcecode.c.h; path = "cloudHub-prefix.pch"; sourceTree = "<group>"; };
		057052FF19FBB76500C84DAB /* GHUser.m */ = {isa = PBXFileReference; fileEncoding = 4; lastKnownFileType = sourcecode.c.objc; path = GHUser.m; sourceTree = "<group>"; };
		0570530119FBB83F00C84DAB /* GHUser.h */ = {isa = PBXFileReference; lastKnownFileType = sourcecode.c.h; path = GHUser.h; sourceTree = "<group>"; };
		0570530219FBBF5000C84DAB /* CoreFoundation.framework */ = {isa = PBXFileReference; lastKnownFileType = wrapper.framework; name = CoreFoundation.framework; path = System/Library/Frameworks/CoreFoundation.framework; sourceTree = SDKROOT; };
		057FC67E1AA5E88100AB1878 /* TableViewController.h */ = {isa = PBXFileReference; fileEncoding = 4; lastKnownFileType = sourcecode.c.h; path = TableViewController.h; sourceTree = "<group>"; };
		057FC67F1AA5E88100AB1878 /* TableViewController.m */ = {isa = PBXFileReference; fileEncoding = 4; lastKnownFileType = sourcecode.c.objc; path = TableViewController.m; sourceTree = "<group>"; };
		057FC6801AA5E88100AB1878 /* TableViewController.xib */ = {isa = PBXFileReference; fileEncoding = 4; lastKnownFileType = file.xib; path = TableViewController.xib; sourceTree = "<group>"; };
		059208AA1AAE1305004E771E /* EventsTableViewController.h */ = {isa = PBXFileReference; fileEncoding = 4; lastKnownFileType = sourcecode.c.h; path = EventsTableViewController.h; sourceTree = "<group>"; };
		059208AB1AAE1305004E771E /* EventsTableViewController.m */ = {isa = PBXFileReference; fileEncoding = 4; lastKnownFileType = sourcecode.c.objc; path = EventsTableViewController.m; sourceTree = "<group>"; };
		059208AC1AAE1305004E771E /* EventsTableViewController.xib */ = {isa = PBXFileReference; fileEncoding = 4; lastKnownFileType = file.xib; path = EventsTableViewController.xib; sourceTree = "<group>"; };
		059208B41AAE182B004E771E /* GHEvents.h */ = {isa = PBXFileReference; lastKnownFileType = sourcecode.c.h; path = GHEvents.h; sourceTree = "<group>"; };
		059208B51AAE1D12004E771E /* GHEvents.m */ = {isa = PBXFileReference; fileEncoding = 4; lastKnownFileType = sourcecode.c.objc; path = GHEvents.m; sourceTree = "<group>"; };
		059208B91AAE1EF0004E771E /* GHRepo.h */ = {isa = PBXFileReference; lastKnownFileType = sourcecode.c.h; path = GHRepo.h; sourceTree = "<group>"; };
		059208BA1AAE2440004E771E /* GHRepo.m */ = {isa = PBXFileReference; fileEncoding = 4; lastKnownFileType = sourcecode.c.objc; path = GHRepo.m; sourceTree = "<group>"; };
		0597642819FC004D002C2C76 /* QuartzCore.framework */ = {isa = PBXFileReference; lastKnownFileType = wrapper.framework; name = QuartzCore.framework; path = System/Library/Frameworks/QuartzCore.framework; sourceTree = SDKROOT; };
		0597642A19FC0063002C2C76 /* CoreImage.framework */ = {isa = PBXFileReference; lastKnownFileType = wrapper.framework; name = CoreImage.framework; path = System/Library/Frameworks/CoreImage.framework; sourceTree = SDKROOT; };
		05BC97131AAB1BCA00C98BB3 /* ProfileNavigationViewController.h */ = {isa = PBXFileReference; fileEncoding = 4; lastKnownFileType = sourcecode.c.h; path = ProfileNavigationViewController.h; sourceTree = "<group>"; };
		05BC97141AAB1BCA00C98BB3 /* ProfileNavigationViewController.m */ = {isa = PBXFileReference; fileEncoding = 4; lastKnownFileType = sourcecode.c.objc; path = ProfileNavigationViewController.m; sourceTree = "<group>"; };
		05BC97151AAB1BCA00C98BB3 /* ProfileNavigationViewController.xib */ = {isa = PBXFileReference; fileEncoding = 4; lastKnownFileType = file.xib; path = ProfileNavigationViewController.xib; sourceTree = "<group>"; };
		05D96F1F1AA9D63600B54F0E /* FollowersTableViewController.h */ = {isa = PBXFileReference; fileEncoding = 4; lastKnownFileType = sourcecode.c.h; path = FollowersTableViewController.h; sourceTree = "<group>"; };
		05D96F201AA9D63600B54F0E /* FollowersTableViewController.m */ = {isa = PBXFileReference; fileEncoding = 4; lastKnownFileType = sourcecode.c.objc; path = FollowersTableViewController.m; sourceTree = "<group>"; };
/* End PBXFileReference section */

/* Begin PBXFrameworksBuildPhase section */
		057052B519FBB38800C84DAB /* Frameworks */ = {
			isa = PBXFrameworksBuildPhase;
			buildActionMask = 2147483647;
			files = (
				0597642719FC0010002C2C76 /* libRestKit.a in Frameworks */,
				0570530319FBBF5000C84DAB /* CoreFoundation.framework in Frameworks */,
				057052FC19FBB58000C84DAB /* SystemConfiguration.framework in Frameworks */,
				057052FA19FBB56F00C84DAB /* Security.framework in Frameworks */,
				057052F819FBB56300C84DAB /* MobileCoreServices.framework in Frameworks */,
				057052F619FBB55700C84DAB /* CoreData.framework in Frameworks */,
				057052F419FBB54E00C84DAB /* CFNetwork.framework in Frameworks */,
			);
			runOnlyForDeploymentPostprocessing = 0;
		};
		057052CE19FBB38800C84DAB /* Frameworks */ = {
			isa = PBXFrameworksBuildPhase;
			buildActionMask = 2147483647;
			files = (
			);
			runOnlyForDeploymentPostprocessing = 0;
		};
/* End PBXFrameworksBuildPhase section */

/* Begin PBXGroup section */
		05409BB91A910B7100BDD34E /* JSON */ = {
			isa = PBXGroup;
			children = (
				05409BBA1A910B8E00BDD34E /* JSON.h */,
				05409BBB1A910B8E00BDD34E /* NSObject+SBJSON.h */,
				05409BBC1A910B8E00BDD34E /* NSObject+SBJSON.m */,
				05409BBD1A910B8E00BDD34E /* NSString+SBJSON.h */,
				05409BBE1A910B8E00BDD34E /* NSString+SBJSON.m */,
				05409BBF1A910B8E00BDD34E /* SBJsonBase.h */,
				05409BC01A910B8E00BDD34E /* SBJsonBase.m */,
				05409BC11A910B8E00BDD34E /* SBJsonParser.h */,
				05409BC21A910B8E00BDD34E /* SBJsonParser.m */,
				05409BC31A910B8E00BDD34E /* SBJsonWriter.h */,
				05409BC41A910B8E00BDD34E /* SBJsonWriter.m */,
			);
			name = JSON;
			sourceTree = "<group>";
		};
		05409BCB1A910CE000BDD34E /* oAuth */ = {
			isa = PBXGroup;
			children = (
				05409BF61A910E5900BDD34E /* Categories */,
				05409BFD1A910E5900BDD34E /* Crypto */,
				05409C041A910E5900BDD34E /* README */,
				05409C051A910E5900BDD34E /* README.md */,
				05409BCC1A910D0B00BDD34E /* OAAttachment.h */,
				05409BCD1A910D0B00BDD34E /* OAAttachment.m */,
				05409BCE1A910D0B00BDD34E /* OACall.h */,
				05409BCF1A910D0B00BDD34E /* OACall.m */,
				05409BD01A910D0B00BDD34E /* OAConsumer.h */,
				05409BD11A910D0B00BDD34E /* OAConsumer.m */,
				05409BD21A910D0B00BDD34E /* OADataFetcher.h */,
				05409BD31A910D0B00BDD34E /* OADataFetcher.m */,
				05409BD41A910D0B00BDD34E /* OAHMAC_SHA1SignatureProvider.h */,
				05409BD51A910D0B00BDD34E /* OAHMAC_SHA1SignatureProvider.m */,
				05409BD61A910D0B00BDD34E /* OAMutableURLRequest.h */,
				05409BD71A910D0B00BDD34E /* OAMutableURLRequest.m */,
				05409BD81A910D0B00BDD34E /* OAPlaintextSignatureProvider.h */,
				05409BD91A910D0B00BDD34E /* OAPlaintextSignatureProvider.m */,
				05409BDA1A910D0B00BDD34E /* OAProblem.h */,
				05409BDB1A910D0B00BDD34E /* OAProblem.m */,
				05409BDC1A910D0B00BDD34E /* OARequestParameter.h */,
				05409BDD1A910D0B00BDD34E /* OARequestParameter.m */,
				05409BDE1A910D0B00BDD34E /* OAServiceTicket.h */,
				05409BDF1A910D0B00BDD34E /* OAServiceTicket.m */,
				05409BE01A910D0B00BDD34E /* OASignatureProviding.h */,
				05409BE11A910D0B00BDD34E /* OATestServer.rb */,
				05409BE21A910D0B00BDD34E /* OAToken.h */,
				05409BE31A910D0B00BDD34E /* OAToken.m */,
				05409BE41A910D0B00BDD34E /* OATokenManager.h */,
				05409BE51A910D0B00BDD34E /* OATokenManager.m */,
				05409BE61A910D0B00BDD34E /* OAuthConsumer.h */,
			);
			name = oAuth;
			sourceTree = "<group>";
		};
		05409BF61A910E5900BDD34E /* Categories */ = {
			isa = PBXGroup;
			children = (
				05409BF71A910E5900BDD34E /* NSMutableURLRequest+Parameters.h */,
				05409BF81A910E5900BDD34E /* NSMutableURLRequest+Parameters.m */,
				05409BF91A910E5900BDD34E /* NSString+URLEncoding.h */,
				05409BFA1A910E5900BDD34E /* NSString+URLEncoding.m */,
				05409BFB1A910E5900BDD34E /* NSURL+Base.h */,
				05409BFC1A910E5900BDD34E /* NSURL+Base.m */,
			);
			name = Categories;
			path = "../../../../Downloads/oauth-master/Categories";
			sourceTree = "<group>";
		};
		05409BFD1A910E5900BDD34E /* Crypto */ = {
			isa = PBXGroup;
			children = (
				05409BFE1A910E5900BDD34E /* Base64Transcoder.c */,
				05409BFF1A910E5900BDD34E /* Base64Transcoder.h */,
				05409C001A910E5900BDD34E /* hmac.c */,
				05409C011A910E5900BDD34E /* hmac.h */,
				05409C021A910E5900BDD34E /* sha1.c */,
				05409C031A910E5900BDD34E /* sha1.h */,
			);
			name = Crypto;
			path = "../../../../Downloads/oauth-master/Crypto";
			sourceTree = "<group>";
		};
		057052AF19FBB38700C84DAB = {
			isa = PBXGroup;
			children = (
				057052E119FBB4D300C84DAB /* RestKit.xcodeproj */,
				0597642A19FC0063002C2C76 /* CoreImage.framework */,
				0597642819FC004D002C2C76 /* QuartzCore.framework */,
				0570530219FBBF5000C84DAB /* CoreFoundation.framework */,
				057052FB19FBB58000C84DAB /* SystemConfiguration.framework */,
				057052F919FBB56F00C84DAB /* Security.framework */,
				057052F719FBB56300C84DAB /* MobileCoreServices.framework */,
				057052F519FBB55700C84DAB /* CoreData.framework */,
				057052F319FBB54E00C84DAB /* CFNetwork.framework */,
				057052BA19FBB38800C84DAB /* cloudHub */,
				057052D419FBB38800C84DAB /* cloudHubTests */,
				057052B919FBB38800C84DAB /* Products */,
			);
			sourceTree = "<group>";
		};
		057052B919FBB38800C84DAB /* Products */ = {
			isa = PBXGroup;
			children = (
				057052B819FBB38800C84DAB /* cloudHub.app */,
				057052D119FBB38800C84DAB /* cloudHubTests.xctest */,
			);
			name = Products;
			sourceTree = "<group>";
		};
		057052BA19FBB38800C84DAB /* cloudHub */ = {
			isa = PBXGroup;
			children = (
				05409BCB1A910CE000BDD34E /* oAuth */,
				05409BB91A910B7100BDD34E /* JSON */,
				05BC97201AAB255900C98BB3 /* Views */,
				057052BF19FBB38800C84DAB /* AppDelegate.h */,
				057052C019FBB38800C84DAB /* AppDelegate.m */,
				0570530119FBB83F00C84DAB /* GHUser.h */,
				057052FF19FBB76500C84DAB /* GHUser.m */,
				059208B41AAE182B004E771E /* GHEvents.h */,
				059208B51AAE1D12004E771E /* GHEvents.m */,
				059208B91AAE1EF0004E771E /* GHRepo.h */,
				059208BA1AAE2440004E771E /* GHRepo.m */,
				057052C219FBB38800C84DAB /* ViewController.h */,
				057052C319FBB38800C84DAB /* ViewController.m */,
				057FC67E1AA5E88100AB1878 /* TableViewController.h */,
				057FC67F1AA5E88100AB1878 /* TableViewController.m */,
				050125A31AB1F87700D4AB8E /* RepositoriesTableViewController.h */,
				050125A41AB1F87700D4AB8E /* RepositoriesTableViewController.m */,
				05D96F1F1AA9D63600B54F0E /* FollowersTableViewController.h */,
				05D96F201AA9D63600B54F0E /* FollowersTableViewController.m */,
				052EBA921AAC8EE500A73198 /* FollowingTableViewController.h */,
				052EBA931AAC8EE500A73198 /* FollowingTableViewController.m */,
				0514FCBF1ABB556A00FFF812 /* FilesTableViewController.h */,
				0514FCC01ABB556A00FFF812 /* FilesTableViewController.m */,
				059208AA1AAE1305004E771E /* EventsTableViewController.h */,
				059208AB1AAE1305004E771E /* EventsTableViewController.m */,
				05BC97131AAB1BCA00C98BB3 /* ProfileNavigationViewController.h */,
				05BC97141AAB1BCA00C98BB3 /* ProfileNavigationViewController.m */,
				054CC29E1A89142D00D8CC0B /* WebViewController.h */,
				054CC29F1A89142D00D8CC0B /* WebViewController.m */,
				057052C819FBB38800C84DAB /* Images.xcassets */,
				057052BB19FBB38800C84DAB /* Supporting Files */,
				057052FE19FBB5D200C84DAB /* cloudHub-prefix.pch */,
			);
			path = cloudHub;
			sourceTree = "<group>";
		};
		057052BB19FBB38800C84DAB /* Supporting Files */ = {
			isa = PBXGroup;
			children = (
				057052BC19FBB38800C84DAB /* Info.plist */,
				057052BD19FBB38800C84DAB /* main.m */,
			);
			name = "Supporting Files";
			sourceTree = "<group>";
		};
		057052D419FBB38800C84DAB /* cloudHubTests */ = {
			isa = PBXGroup;
			children = (
				057052D719FBB38800C84DAB /* cloudHubTests.m */,
				057052D519FBB38800C84DAB /* Supporting Files */,
			);
			path = cloudHubTests;
			sourceTree = "<group>";
		};
		057052D519FBB38800C84DAB /* Supporting Files */ = {
			isa = PBXGroup;
			children = (
				057052D619FBB38800C84DAB /* Info.plist */,
			);
			name = "Supporting Files";
			sourceTree = "<group>";
		};
		057052E219FBB4D300C84DAB /* Products */ = {
			isa = PBXGroup;
			children = (
				057052E919FBB4D300C84DAB /* libRestKit.a */,
				057052EB19FBB4D300C84DAB /* RestKitTests.xctest */,
				057052ED19FBB4D300C84DAB /* RestKit.framework */,
				057052EF19FBB4D300C84DAB /* RestKitFrameworkTests.xctest */,
			);
			name = Products;
			sourceTree = "<group>";
		};
		05BC97201AAB255900C98BB3 /* Views */ = {
			isa = PBXGroup;
			children = (
				0514FCC11ABB556A00FFF812 /* FilesTableViewController.xib */,
				050125A51AB1F87700D4AB8E /* RepositoriesTableViewController.xib */,
				059208AC1AAE1305004E771E /* EventsTableViewController.xib */,
				052EBA941AAC8EE500A73198 /* FollowingTableViewController.xib */,
				057052C519FBB38800C84DAB /* Main.storyboard */,
				05BC97151AAB1BCA00C98BB3 /* ProfileNavigationViewController.xib */,
				057FC6801AA5E88100AB1878 /* TableViewController.xib */,
				054CC2A01A89142D00D8CC0B /* WebViewController.xib */,
				057052CA19FBB38800C84DAB /* LaunchScreen.xib */,
			);
			name = Views;
			sourceTree = "<group>";
		};
/* End PBXGroup section */

/* Begin PBXNativeTarget section */
		057052B719FBB38800C84DAB /* cloudHub */ = {
			isa = PBXNativeTarget;
			buildConfigurationList = 057052DB19FBB38800C84DAB /* Build configuration list for PBXNativeTarget "cloudHub" */;
			buildPhases = (
				057052B419FBB38800C84DAB /* Sources */,
				057052B519FBB38800C84DAB /* Frameworks */,
				057052B619FBB38800C84DAB /* Resources */,
			);
			buildRules = (
			);
			dependencies = (
				057052F119FBB53100C84DAB /* PBXTargetDependency */,
			);
			name = cloudHub;
			productName = cloudHub;
			productReference = 057052B819FBB38800C84DAB /* cloudHub.app */;
			productType = "com.apple.product-type.application";
		};
		057052D019FBB38800C84DAB /* cloudHubTests */ = {
			isa = PBXNativeTarget;
			buildConfigurationList = 057052DE19FBB38800C84DAB /* Build configuration list for PBXNativeTarget "cloudHubTests" */;
			buildPhases = (
				057052CD19FBB38800C84DAB /* Sources */,
				057052CE19FBB38800C84DAB /* Frameworks */,
				057052CF19FBB38800C84DAB /* Resources */,
			);
			buildRules = (
			);
			dependencies = (
				057052D319FBB38800C84DAB /* PBXTargetDependency */,
			);
			name = cloudHubTests;
			productName = cloudHubTests;
			productReference = 057052D119FBB38800C84DAB /* cloudHubTests.xctest */;
			productType = "com.apple.product-type.bundle.unit-test";
		};
/* End PBXNativeTarget section */

/* Begin PBXProject section */
		057052B019FBB38700C84DAB /* Project object */ = {
			isa = PBXProject;
			attributes = {
				LastUpgradeCheck = 0610;
				ORGANIZATIONNAME = "Luke Kartsolis";
				TargetAttributes = {
					057052B719FBB38800C84DAB = {
						CreatedOnToolsVersion = 6.1;
					};
					057052D019FBB38800C84DAB = {
						CreatedOnToolsVersion = 6.1;
						TestTargetID = 057052B719FBB38800C84DAB;
					};
				};
			};
			buildConfigurationList = 057052B319FBB38700C84DAB /* Build configuration list for PBXProject "cloudHub" */;
			compatibilityVersion = "Xcode 3.2";
			developmentRegion = English;
			hasScannedForEncodings = 0;
			knownRegions = (
				en,
				Base,
			);
			mainGroup = 057052AF19FBB38700C84DAB;
			productRefGroup = 057052B919FBB38800C84DAB /* Products */;
			projectDirPath = "";
			projectReferences = (
				{
					ProductGroup = 057052E219FBB4D300C84DAB /* Products */;
					ProjectRef = 057052E119FBB4D300C84DAB /* RestKit.xcodeproj */;
				},
			);
			projectRoot = "";
			targets = (
				057052B719FBB38800C84DAB /* cloudHub */,
				057052D019FBB38800C84DAB /* cloudHubTests */,
			);
		};
/* End PBXProject section */

/* Begin PBXReferenceProxy section */
		057052E919FBB4D300C84DAB /* libRestKit.a */ = {
			isa = PBXReferenceProxy;
			fileType = archive.ar;
			path = libRestKit.a;
			remoteRef = 057052E819FBB4D300C84DAB /* PBXContainerItemProxy */;
			sourceTree = BUILT_PRODUCTS_DIR;
		};
		057052EB19FBB4D300C84DAB /* RestKitTests.xctest */ = {
			isa = PBXReferenceProxy;
			fileType = wrapper.cfbundle;
			path = RestKitTests.xctest;
			remoteRef = 057052EA19FBB4D300C84DAB /* PBXContainerItemProxy */;
			sourceTree = BUILT_PRODUCTS_DIR;
		};
		057052ED19FBB4D300C84DAB /* RestKit.framework */ = {
			isa = PBXReferenceProxy;
			fileType = wrapper.framework;
			path = RestKit.framework;
			remoteRef = 057052EC19FBB4D300C84DAB /* PBXContainerItemProxy */;
			sourceTree = BUILT_PRODUCTS_DIR;
		};
		057052EF19FBB4D300C84DAB /* RestKitFrameworkTests.xctest */ = {
			isa = PBXReferenceProxy;
			fileType = wrapper.cfbundle;
			path = RestKitFrameworkTests.xctest;
			remoteRef = 057052EE19FBB4D300C84DAB /* PBXContainerItemProxy */;
			sourceTree = BUILT_PRODUCTS_DIR;
		};
/* End PBXReferenceProxy section */

/* Begin PBXResourcesBuildPhase section */
		057052B619FBB38800C84DAB /* Resources */ = {
			isa = PBXResourcesBuildPhase;
			buildActionMask = 2147483647;
			files = (
				05409C0C1A910E5900BDD34E /* README in Resources */,
				057052C719FBB38800C84DAB /* Main.storyboard in Resources */,
				057052CC19FBB38800C84DAB /* LaunchScreen.xib in Resources */,
				0514FCC31ABB556A00FFF812 /* FilesTableViewController.xib in Resources */,
				057052C919FBB38800C84DAB /* Images.xcassets in Resources */,
				05BC97171AAB1BCA00C98BB3 /* ProfileNavigationViewController.xib in Resources */,
				05409BF11A910D0B00BDD34E /* OATestServer.rb in Resources */,
				054CC2A21A89142D00D8CC0B /* WebViewController.xib in Resources */,
				057FC6821AA5E88100AB1878 /* TableViewController.xib in Resources */,
				059208AE1AAE1305004E771E /* EventsTableViewController.xib in Resources */,
				052EBA961AAC8EE500A73198 /* FollowingTableViewController.xib in Resources */,
				050125A71AB1F87700D4AB8E /* RepositoriesTableViewController.xib in Resources */,
			);
			runOnlyForDeploymentPostprocessing = 0;
		};
		057052CF19FBB38800C84DAB /* Resources */ = {
			isa = PBXResourcesBuildPhase;
			buildActionMask = 2147483647;
			files = (
			);
			runOnlyForDeploymentPostprocessing = 0;
		};
/* End PBXResourcesBuildPhase section */

/* Begin PBXSourcesBuildPhase section */
		057052B419FBB38800C84DAB /* Sources */ = {
			isa = PBXSourcesBuildPhase;
			buildActionMask = 2147483647;
			files = (
				05409C0A1A910E5900BDD34E /* hmac.c in Sources */,
				050125A61AB1F87700D4AB8E /* RepositoriesTableViewController.m in Sources */,
				05409BF51A910D8500BDD34E /* OAMutableURLRequest.h in Sources */,
				05409BF41A910D6800BDD34E /* OARequestParameter.h in Sources */,
				05409BCA1A910C5500BDD34E /* SBJsonParser.h in Sources */,
				05BC97161AAB1BCA00C98BB3 /* ProfileNavigationViewController.m in Sources */,
				057052C419FBB38800C84DAB /* ViewController.m in Sources */,
				059208BB1AAE2440004E771E /* GHRepo.m in Sources */,
				05409BC91A910B8E00BDD34E /* SBJsonWriter.m in Sources */,
				059208B61AAE1D12004E771E /* GHEvents.m in Sources */,
				05409BE81A910D0B00BDD34E /* OACall.m in Sources */,
				05409BC71A910B8E00BDD34E /* SBJsonBase.m in Sources */,
				05409BF31A910D0B00BDD34E /* OATokenManager.m in Sources */,
				05409BED1A910D0B00BDD34E /* OAPlaintextSignatureProvider.m in Sources */,
				05409C071A910E5900BDD34E /* NSString+URLEncoding.m in Sources */,
				054CC2A11A89142D00D8CC0B /* WebViewController.m in Sources */,
				05409C061A910E5900BDD34E /* NSMutableURLRequest+Parameters.m in Sources */,
				0514FCC21ABB556A00FFF812 /* FilesTableViewController.m in Sources */,
				05409BEC1A910D0B00BDD34E /* OAMutableURLRequest.m in Sources */,
				059208AD1AAE1305004E771E /* EventsTableViewController.m in Sources */,
				0570530019FBB76500C84DAB /* GHUser.m in Sources */,
				05409BEF1A910D0B00BDD34E /* OARequestParameter.m in Sources */,
				057052C119FBB38800C84DAB /* AppDelegate.m in Sources */,
				05409BF21A910D0B00BDD34E /* OAToken.m in Sources */,
				05409BC51A910B8E00BDD34E /* NSObject+SBJSON.m in Sources */,
				05409BF01A910D0B00BDD34E /* OAServiceTicket.m in Sources */,
				05409BEA1A910D0B00BDD34E /* OADataFetcher.m in Sources */,
				05409BEE1A910D0B00BDD34E /* OAProblem.m in Sources */,
				057FC6811AA5E88100AB1878 /* TableViewController.m in Sources */,
				05409C0D1A910E5900BDD34E /* README.md in Sources */,
				05409C081A910E5900BDD34E /* NSURL+Base.m in Sources */,
				05409BE91A910D0B00BDD34E /* OAConsumer.m in Sources */,
				05409BEB1A910D0B00BDD34E /* OAHMAC_SHA1SignatureProvider.m in Sources */,
				05D96F211AA9D63600B54F0E /* FollowersTableViewController.m in Sources */,
				052EBA951AAC8EE500A73198 /* FollowingTableViewController.m in Sources */,
				05409BC81A910B8E00BDD34E /* SBJsonParser.m in Sources */,
				05409C091A910E5900BDD34E /* Base64Transcoder.c in Sources */,
				05409BC61A910B8E00BDD34E /* NSString+SBJSON.m in Sources */,
				05409BE71A910D0B00BDD34E /* OAAttachment.m in Sources */,
				057052BE19FBB38800C84DAB /* main.m in Sources */,
				05409C0B1A910E5900BDD34E /* sha1.c in Sources */,
			);
			runOnlyForDeploymentPostprocessing = 0;
		};
		057052CD19FBB38800C84DAB /* Sources */ = {
			isa = PBXSourcesBuildPhase;
			buildActionMask = 2147483647;
			files = (
				057052D819FBB38800C84DAB /* cloudHubTests.m in Sources */,
			);
			runOnlyForDeploymentPostprocessing = 0;
		};
/* End PBXSourcesBuildPhase section */

/* Begin PBXTargetDependency section */
		057052D319FBB38800C84DAB /* PBXTargetDependency */ = {
			isa = PBXTargetDependency;
			target = 057052B719FBB38800C84DAB /* cloudHub */;
			targetProxy = 057052D219FBB38800C84DAB /* PBXContainerItemProxy */;
		};
		057052F119FBB53100C84DAB /* PBXTargetDependency */ = {
			isa = PBXTargetDependency;
			name = RestKit;
			targetProxy = 057052F019FBB53100C84DAB /* PBXContainerItemProxy */;
		};
/* End PBXTargetDependency section */

/* Begin PBXVariantGroup section */
		057052C519FBB38800C84DAB /* Main.storyboard */ = {
			isa = PBXVariantGroup;
			children = (
				057052C619FBB38800C84DAB /* Base */,
			);
			name = Main.storyboard;
			sourceTree = "<group>";
		};
		057052CA19FBB38800C84DAB /* LaunchScreen.xib */ = {
			isa = PBXVariantGroup;
			children = (
				057052CB19FBB38800C84DAB /* Base */,
			);
			name = LaunchScreen.xib;
			sourceTree = "<group>";
		};
/* End PBXVariantGroup section */

/* Begin XCBuildConfiguration section */
		057052D919FBB38800C84DAB /* Debug */ = {
			isa = XCBuildConfiguration;
			buildSettings = {
				ALWAYS_SEARCH_USER_PATHS = NO;
				CLANG_CXX_LANGUAGE_STANDARD = "gnu++0x";
				CLANG_CXX_LIBRARY = "libc++";
				CLANG_ENABLE_MODULES = YES;
				CLANG_ENABLE_OBJC_ARC = YES;
				CLANG_WARN_BOOL_CONVERSION = YES;
				CLANG_WARN_CONSTANT_CONVERSION = YES;
				CLANG_WARN_DIRECT_OBJC_ISA_USAGE = YES_ERROR;
				CLANG_WARN_EMPTY_BODY = YES;
				CLANG_WARN_ENUM_CONVERSION = YES;
				CLANG_WARN_INT_CONVERSION = YES;
				CLANG_WARN_OBJC_ROOT_CLASS = YES_ERROR;
				CLANG_WARN_UNREACHABLE_CODE = YES;
				CLANG_WARN__DUPLICATE_METHOD_MATCH = YES;
				"CODE_SIGN_IDENTITY[sdk=iphoneos*]" = "iPhone Developer";
				COPY_PHASE_STRIP = NO;
				ENABLE_STRICT_OBJC_MSGSEND = YES;
				GCC_C_LANGUAGE_STANDARD = gnu99;
				GCC_DYNAMIC_NO_PIC = NO;
				GCC_OPTIMIZATION_LEVEL = 0;
				GCC_PREPROCESSOR_DEFINITIONS = (
					"DEBUG=1",
					"$(inherited)",
				);
				GCC_SYMBOLS_PRIVATE_EXTERN = NO;
				GCC_WARN_64_TO_32_BIT_CONVERSION = YES;
				GCC_WARN_ABOUT_RETURN_TYPE = YES_ERROR;
				GCC_WARN_UNDECLARED_SELECTOR = YES;
				GCC_WARN_UNINITIALIZED_AUTOS = YES_AGGRESSIVE;
				GCC_WARN_UNUSED_FUNCTION = YES;
				GCC_WARN_UNUSED_VARIABLE = YES;
				IPHONEOS_DEPLOYMENT_TARGET = 8.1;
				MTL_ENABLE_DEBUG_INFO = YES;
				ONLY_ACTIVE_ARCH = YES;
				SDKROOT = iphoneos;
			};
			name = Debug;
		};
		057052DA19FBB38800C84DAB /* Release */ = {
			isa = XCBuildConfiguration;
			buildSettings = {
				ALWAYS_SEARCH_USER_PATHS = NO;
				CLANG_CXX_LANGUAGE_STANDARD = "gnu++0x";
				CLANG_CXX_LIBRARY = "libc++";
				CLANG_ENABLE_MODULES = YES;
				CLANG_ENABLE_OBJC_ARC = YES;
				CLANG_WARN_BOOL_CONVERSION = YES;
				CLANG_WARN_CONSTANT_CONVERSION = YES;
				CLANG_WARN_DIRECT_OBJC_ISA_USAGE = YES_ERROR;
				CLANG_WARN_EMPTY_BODY = YES;
				CLANG_WARN_ENUM_CONVERSION = YES;
				CLANG_WARN_INT_CONVERSION = YES;
				CLANG_WARN_OBJC_ROOT_CLASS = YES_ERROR;
				CLANG_WARN_UNREACHABLE_CODE = YES;
				CLANG_WARN__DUPLICATE_METHOD_MATCH = YES;
				"CODE_SIGN_IDENTITY[sdk=iphoneos*]" = "iPhone Developer";
				COPY_PHASE_STRIP = YES;
				ENABLE_NS_ASSERTIONS = NO;
				ENABLE_STRICT_OBJC_MSGSEND = YES;
				GCC_C_LANGUAGE_STANDARD = gnu99;
				GCC_WARN_64_TO_32_BIT_CONVERSION = YES;
				GCC_WARN_ABOUT_RETURN_TYPE = YES_ERROR;
				GCC_WARN_UNDECLARED_SELECTOR = YES;
				GCC_WARN_UNINITIALIZED_AUTOS = YES_AGGRESSIVE;
				GCC_WARN_UNUSED_FUNCTION = YES;
				GCC_WARN_UNUSED_VARIABLE = YES;
				IPHONEOS_DEPLOYMENT_TARGET = 8.1;
				MTL_ENABLE_DEBUG_INFO = NO;
				SDKROOT = iphoneos;
				VALIDATE_PRODUCT = YES;
			};
			name = Release;
		};
		057052DC19FBB38800C84DAB /* Debug */ = {
			isa = XCBuildConfiguration;
			buildSettings = {
				ASSETCATALOG_COMPILER_APPICON_NAME = AppIcon;
				GCC_PREFIX_HEADER = "cloudHub/cloudHub-prefix.pch";
				HEADER_SEARCH_PATHS = "\"$(BUILT_PRODUCTS_DIR)/../../Headers\"";
				INFOPLIST_FILE = cloudHub/Info.plist;
				LD_RUNPATH_SEARCH_PATHS = "$(inherited) @executable_path/Frameworks";
				ONLY_ACTIVE_ARCH = YES;
				OTHER_LDFLAGS = "-ObjC";
				PRODUCT_NAME = "$(TARGET_NAME)";
				VALID_ARCHS = "ARMv7s ARMv7";
			};
			name = Debug;
		};
		057052DD19FBB38800C84DAB /* Release */ = {
			isa = XCBuildConfiguration;
			buildSettings = {
				ASSETCATALOG_COMPILER_APPICON_NAME = AppIcon;
				GCC_PREFIX_HEADER = "cloudHub/cloudHub-prefix.pch";
				HEADER_SEARCH_PATHS = "\"$(BUILT_PRODUCTS_DIR)/../../Headers\"";
				INFOPLIST_FILE = cloudHub/Info.plist;
				LD_RUNPATH_SEARCH_PATHS = "$(inherited) @executable_path/Frameworks";
				ONLY_ACTIVE_ARCH = YES;
				OTHER_LDFLAGS = "-ObjC";
				PRODUCT_NAME = "$(TARGET_NAME)";
				VALID_ARCHS = "ARMv7s ARMv7";
			};
			name = Release;
		};
		057052DF19FBB38800C84DAB /* Debug */ = {
			isa = XCBuildConfiguration;
			buildSettings = {
				BUNDLE_LOADER = "$(TEST_HOST)";
				FRAMEWORK_SEARCH_PATHS = (
					"$(SDKROOT)/Developer/Library/Frameworks",
					"$(inherited)",
				);
				GCC_PREPROCESSOR_DEFINITIONS = (
					"DEBUG=1",
					"$(inherited)",
				);
				INFOPLIST_FILE = cloudHubTests/Info.plist;
				LD_RUNPATH_SEARCH_PATHS = "$(inherited) @executable_path/Frameworks @loader_path/Frameworks";
				PRODUCT_NAME = "$(TARGET_NAME)";
				TEST_HOST = "$(BUILT_PRODUCTS_DIR)/cloudHub.app/cloudHub";
			};
			name = Debug;
		};
		057052E019FBB38800C84DAB /* Release */ = {
			isa = XCBuildConfiguration;
			buildSettings = {
				BUNDLE_LOADER = "$(TEST_HOST)";
				FRAMEWORK_SEARCH_PATHS = (
					"$(SDKROOT)/Developer/Library/Frameworks",
					"$(inherited)",
				);
				INFOPLIST_FILE = cloudHubTests/Info.plist;
				LD_RUNPATH_SEARCH_PATHS = "$(inherited) @executable_path/Frameworks @loader_path/Frameworks";
				PRODUCT_NAME = "$(TARGET_NAME)";
				TEST_HOST = "$(BUILT_PRODUCTS_DIR)/cloudHub.app/cloudHub";
			};
			name = Release;
		};
/* End XCBuildConfiguration section */

/* Begin XCConfigurationList section */
		057052B319FBB38700C84DAB /* Build configuration list for PBXProject "cloudHub" */ = {
			isa = XCConfigurationList;
			buildConfigurations = (
				057052D919FBB38800C84DAB /* Debug */,
				057052DA19FBB38800C84DAB /* Release */,
			);
			defaultConfigurationIsVisible = 0;
			defaultConfigurationName = Release;
		};
		057052DB19FBB38800C84DAB /* Build configuration list for PBXNativeTarget "cloudHub" */ = {
			isa = XCConfigurationList;
			buildConfigurations = (
				057052DC19FBB38800C84DAB /* Debug */,
				057052DD19FBB38800C84DAB /* Release */,
			);
			defaultConfigurationIsVisible = 0;
			defaultConfigurationName = Release;
		};
		057052DE19FBB38800C84DAB /* Build configuration list for PBXNativeTarget "cloudHubTests" */ = {
			isa = XCConfigurationList;
			buildConfigurations = (
				057052DF19FBB38800C84DAB /* Debug */,
				057052E019FBB38800C84DAB /* Release */,
			);
			defaultConfigurationIsVisible = 0;
			defaultConfigurationName = Release;
		};
/* End XCConfigurationList section */
	};
	rootObject = 057052B019FBB38700C84DAB /* Project object */;
}
