// !$*UTF8*$!
{
	archiveVersion = 1;
	classes = {
	};
	objectVersion = 46;
	objects = {

/* Begin PBXBuildFile section */
		054CC2A11A89142D00D8CC0B /* WebViewController.m in Sources */ = {isa = PBXBuildFile; fileRef = 054CC29F1A89142D00D8CC0B /* WebViewController.m */; };
		054CC2A21A89142D00D8CC0B /* WebViewController.xib in Resources */ = {isa = PBXBuildFile; fileRef = 054CC2A01A89142D00D8CC0B /* WebViewController.xib */; };
		057052BE19FBB38800C84DAB /* main.m in Sources */ = {isa = PBXBuildFile; fileRef = 057052BD19FBB38800C84DAB /* main.m */; };
		057052C119FBB38800C84DAB /* AppDelegate.m in Sources */ = {isa = PBXBuildFile; fileRef = 057052C019FBB38800C84DAB /* AppDelegate.m */; };
		057052C419FBB38800C84DAB /* ViewController.m in Sources */ = {isa = PBXBuildFile; fileRef = 057052C319FBB38800C84DAB /* ViewController.m */; };
		057052C719FBB38800C84DAB /* Main.storyboard in Resources */ = {isa = PBXBuildFile; fileRef = 057052C519FBB38800C84DAB /* Main.storyboard */; };
		057052C919FBB38800C84DAB /* Images.xcassets in Resources */ = {isa = PBXBuildFile; fileRef = 057052C819FBB38800C84DAB /* Images.xcassets */; };
		057052CC19FBB38800C84DAB /* LaunchScreen.xib in Resources */ = {isa = PBXBuildFile; fileRef = 057052CA19FBB38800C84DAB /* LaunchScreen.xib */; };
		057052D819FBB38800C84DAB /* cloudHubTests.m in Sources */ = {isa = PBXBuildFile; fileRef = 057052D719FBB38800C84DAB /* cloudHubTests.m */; };
		057052F419FBB54E00C84DAB /* CFNetwork.framework in Frameworks */ = {isa = PBXBuildFile; fileRef = 057052F319FBB54E00C84DAB /* CFNetwork.framework */; };
		057052F619FBB55700C84DAB /* CoreData.framework in Frameworks */ = {isa = PBXBuildFile; fileRef = 057052F519FBB55700C84DAB /* CoreData.framework */; };
		057052F819FBB56300C84DAB /* MobileCoreServices.framework in Frameworks */ = {isa = PBXBuildFile; fileRef = 057052F719FBB56300C84DAB /* MobileCoreServices.framework */; };
		057052FA19FBB56F00C84DAB /* Security.framework in Frameworks */ = {isa = PBXBuildFile; fileRef = 057052F919FBB56F00C84DAB /* Security.framework */; };
		057052FC19FBB58000C84DAB /* SystemConfiguration.framework in Frameworks */ = {isa = PBXBuildFile; fileRef = 057052FB19FBB58000C84DAB /* SystemConfiguration.framework */; };
		0570530019FBB76500C84DAB /* GHUser.m in Sources */ = {isa = PBXBuildFile; fileRef = 057052FF19FBB76500C84DAB /* GHUser.m */; };
		0570530319FBBF5000C84DAB /* CoreFoundation.framework in Frameworks */ = {isa = PBXBuildFile; fileRef = 0570530219FBBF5000C84DAB /* CoreFoundation.framework */; };
		0597642719FC0010002C2C76 /* libRestKit.a in Frameworks */ = {isa = PBXBuildFile; fileRef = 057052E919FBB4D300C84DAB /* libRestKit.a */; };
/* End PBXBuildFile section */

/* Begin PBXContainerItemProxy section */
		057052D219FBB38800C84DAB /* PBXContainerItemProxy */ = {
			isa = PBXContainerItemProxy;
			containerPortal = 057052B019FBB38700C84DAB /* Project object */;
			proxyType = 1;
			remoteGlobalIDString = 057052B719FBB38800C84DAB;
			remoteInfo = cloudHub;
		};
		057052E819FBB4D300C84DAB /* PBXContainerItemProxy */ = {
			isa = PBXContainerItemProxy;
			containerPortal = 057052E119FBB4D300C84DAB /* RestKit.xcodeproj */;
			proxyType = 2;
			remoteGlobalIDString = 25160D1614564E810060A5C5;
			remoteInfo = RestKit;
		};
		057052EA19FBB4D300C84DAB /* PBXContainerItemProxy */ = {
			isa = PBXContainerItemProxy;
			containerPortal = 057052E119FBB4D300C84DAB /* RestKit.xcodeproj */;
			proxyType = 2;
			remoteGlobalIDString = 25160D2614564E820060A5C5;
			remoteInfo = RestKitTests;
		};
		057052EC19FBB4D300C84DAB /* PBXContainerItemProxy */ = {
			isa = PBXContainerItemProxy;
			containerPortal = 057052E119FBB4D300C84DAB /* RestKit.xcodeproj */;
			proxyType = 2;
			remoteGlobalIDString = 25160E62145651060060A5C5;
			remoteInfo = RestKitFramework;
		};
		057052EE19FBB4D300C84DAB /* PBXContainerItemProxy */ = {
			isa = PBXContainerItemProxy;
			containerPortal = 057052E119FBB4D300C84DAB /* RestKit.xcodeproj */;
			proxyType = 2;
			remoteGlobalIDString = 25160E78145651060060A5C5;
			remoteInfo = RestKitFrameworkTests;
		};
		057052F019FBB53100C84DAB /* PBXContainerItemProxy */ = {
			isa = PBXContainerItemProxy;
			containerPortal = 057052E119FBB4D300C84DAB /* RestKit.xcodeproj */;
			proxyType = 1;
			remoteGlobalIDString = 25160D1514564E810060A5C5;
			remoteInfo = RestKit;
		};
/* End PBXContainerItemProxy section */

/* Begin PBXFileReference section */
		054CC29E1A89142D00D8CC0B /* WebViewController.h */ = {isa = PBXFileReference; fileEncoding = 4; lastKnownFileType = sourcecode.c.h; path = WebViewController.h; sourceTree = "<group>"; };
		054CC29F1A89142D00D8CC0B /* WebViewController.m */ = {isa = PBXFileReference; fileEncoding = 4; lastKnownFileType = sourcecode.c.objc; path = WebViewController.m; sourceTree = "<group>"; };
		054CC2A01A89142D00D8CC0B /* WebViewController.xib */ = {isa = PBXFileReference; fileEncoding = 4; lastKnownFileType = file.xib; path = WebViewController.xib; sourceTree = "<group>"; };
		057052B819FBB38800C84DAB /* cloudHub.app */ = {isa = PBXFileReference; explicitFileType = wrapper.application; includeInIndex = 0; path = cloudHub.app; sourceTree = BUILT_PRODUCTS_DIR; };
		057052BC19FBB38800C84DAB /* Info.plist */ = {isa = PBXFileReference; lastKnownFileType = text.plist.xml; path = Info.plist; sourceTree = "<group>"; };
		057052BD19FBB38800C84DAB /* main.m */ = {isa = PBXFileReference; lastKnownFileType = sourcecode.c.objc; path = main.m; sourceTree = "<group>"; };
		057052BF19FBB38800C84DAB /* AppDelegate.h */ = {isa = PBXFileReference; lastKnownFileType = sourcecode.c.h; path = AppDelegate.h; sourceTree = "<group>"; };
		057052C019FBB38800C84DAB /* AppDelegate.m */ = {isa = PBXFileReference; lastKnownFileType = sourcecode.c.objc; path = AppDelegate.m; sourceTree = "<group>"; };
		057052C219FBB38800C84DAB /* ViewController.h */ = {isa = PBXFileReference; lastKnownFileType = sourcecode.c.h; path = ViewController.h; sourceTree = "<group>"; };
		057052C319FBB38800C84DAB /* ViewController.m */ = {isa = PBXFileReference; lastKnownFileType = sourcecode.c.objc; path = ViewController.m; sourceTree = "<group>"; };
		057052C619FBB38800C84DAB /* Base */ = {isa = PBXFileReference; lastKnownFileType = file.storyboard; name = Base; path = Base.lproj/Main.storyboard; sourceTree = "<group>"; };
		057052C819FBB38800C84DAB /* Images.xcassets */ = {isa = PBXFileReference; lastKnownFileType = folder.assetcatalog; path = Images.xcassets; sourceTree = "<group>"; };
		057052CB19FBB38800C84DAB /* Base */ = {isa = PBXFileReference; lastKnownFileType = file.xib; name = Base; path = Base.lproj/LaunchScreen.xib; sourceTree = "<group>"; };
		057052D119FBB38800C84DAB /* cloudHubTests.xctest */ = {isa = PBXFileReference; explicitFileType = wrapper.cfbundle; includeInIndex = 0; path = cloudHubTests.xctest; sourceTree = BUILT_PRODUCTS_DIR; };
		057052D619FBB38800C84DAB /* Info.plist */ = {isa = PBXFileReference; lastKnownFileType = text.plist.xml; path = Info.plist; sourceTree = "<group>"; };
		057052D719FBB38800C84DAB /* cloudHubTests.m */ = {isa = PBXFileReference; lastKnownFileType = sourcecode.c.objc; path = cloudHubTests.m; sourceTree = "<group>"; };
		057052E119FBB4D300C84DAB /* RestKit.xcodeproj */ = {isa = PBXFileReference; lastKnownFileType = "wrapper.pb-project"; name = RestKit.xcodeproj; path = RestKit/RestKit.xcodeproj; sourceTree = "<group>"; };
		057052F319FBB54E00C84DAB /* CFNetwork.framework */ = {isa = PBXFileReference; lastKnownFileType = wrapper.framework; name = CFNetwork.framework; path = System/Library/Frameworks/CFNetwork.framework; sourceTree = SDKROOT; };
		057052F519FBB55700C84DAB /* CoreData.framework */ = {isa = PBXFileReference; lastKnownFileType = wrapper.framework; name = CoreData.framework; path = System/Library/Frameworks/CoreData.framework; sourceTree = SDKROOT; };
		057052F719FBB56300C84DAB /* MobileCoreServices.framework */ = {isa = PBXFileReference; lastKnownFileType = wrapper.framework; name = MobileCoreServices.framework; path = System/Library/Frameworks/MobileCoreServices.framework; sourceTree = SDKROOT; };
		057052F919FBB56F00C84DAB /* Security.framework */ = {isa = PBXFileReference; lastKnownFileType = wrapper.framework; name = Security.framework; path = System/Library/Frameworks/Security.framework; sourceTree = SDKROOT; };
		057052FB19FBB58000C84DAB /* SystemConfiguration.framework */ = {isa = PBXFileReference; lastKnownFileType = wrapper.framework; name = SystemConfiguration.framework; path = System/Library/Frameworks/SystemConfiguration.framework; sourceTree = SDKROOT; };
		057052FE19FBB5D200C84DAB /* cloudHub-prefix.pch */ = {isa = PBXFileReference; lastKnownFileType = sourcecode.c.h; path = "cloudHub-prefix.pch"; sourceTree = "<group>"; };
		057052FF19FBB76500C84DAB /* GHUser.m */ = {isa = PBXFileReference; fileEncoding = 4; lastKnownFileType = sourcecode.c.objc; path = GHUser.m; sourceTree = "<group>"; };
		0570530119FBB83F00C84DAB /* GHUser.h */ = {isa = PBXFileReference; lastKnownFileType = sourcecode.c.h; path = GHUser.h; sourceTree = "<group>"; };
		0570530219FBBF5000C84DAB /* CoreFoundation.framework */ = {isa = PBXFileReference; lastKnownFileType = wrapper.framework; name = CoreFoundation.framework; path = System/Library/Frameworks/CoreFoundation.framework; sourceTree = SDKROOT; };
		0597642819FC004D002C2C76 /* QuartzCore.framework */ = {isa = PBXFileReference; lastKnownFileType = wrapper.framework; name = QuartzCore.framework; path = System/Library/Frameworks/QuartzCore.framework; sourceTree = SDKROOT; };
		0597642A19FC0063002C2C76 /* CoreImage.framework */ = {isa = PBXFileReference; lastKnownFileType = wrapper.framework; name = CoreImage.framework; path = System/Library/Frameworks/CoreImage.framework; sourceTree = SDKROOT; };
/* End PBXFileReference section */

/* Begin PBXFrameworksBuildPhase section */
		057052B519FBB38800C84DAB /* Frameworks */ = {
			isa = PBXFrameworksBuildPhase;
			buildActionMask = 2147483647;
			files = (
				0597642719FC0010002C2C76 /* libRestKit.a in Frameworks */,
				0570530319FBBF5000C84DAB /* CoreFoundation.framework in Frameworks */,
				057052FC19FBB58000C84DAB /* SystemConfiguration.framework in Frameworks */,
				057052FA19FBB56F00C84DAB /* Security.framework in Frameworks */,
				057052F819FBB56300C84DAB /* MobileCoreServices.framework in Frameworks */,
				057052F619FBB55700C84DAB /* CoreData.framework in Frameworks */,
				057052F419FBB54E00C84DAB /* CFNetwork.framework in Frameworks */,
			);
			runOnlyForDeploymentPostprocessing = 0;
		};
		057052CE19FBB38800C84DAB /* Frameworks */ = {
			isa = PBXFrameworksBuildPhase;
			buildActionMask = 2147483647;
			files = (
			);
			runOnlyForDeploymentPostprocessing = 0;
		};
/* End PBXFrameworksBuildPhase section */

/* Begin PBXGroup section */
		057052AF19FBB38700C84DAB = {
			isa = PBXGroup;
			children = (
				057052E119FBB4D300C84DAB /* RestKit.xcodeproj */,
				0597642A19FC0063002C2C76 /* CoreImage.framework */,
				0597642819FC004D002C2C76 /* QuartzCore.framework */,
				0570530219FBBF5000C84DAB /* CoreFoundation.framework */,
				057052FB19FBB58000C84DAB /* SystemConfiguration.framework */,
				057052F919FBB56F00C84DAB /* Security.framework */,
				057052F719FBB56300C84DAB /* MobileCoreServices.framework */,
				057052F519FBB55700C84DAB /* CoreData.framework */,
				057052F319FBB54E00C84DAB /* CFNetwork.framework */,
				057052BA19FBB38800C84DAB /* cloudHub */,
				057052D419FBB38800C84DAB /* cloudHubTests */,
				057052B919FBB38800C84DAB /* Products */,
			);
			sourceTree = "<group>";
		};
		057052B919FBB38800C84DAB /* Products */ = {
			isa = PBXGroup;
			children = (
				057052B819FBB38800C84DAB /* cloudHub.app */,
				057052D119FBB38800C84DAB /* cloudHubTests.xctest */,
			);
			name = Products;
			sourceTree = "<group>";
		};
		057052BA19FBB38800C84DAB /* cloudHub */ = {
			isa = PBXGroup;
			children = (
				057052BF19FBB38800C84DAB /* AppDelegate.h */,
				057052C019FBB38800C84DAB /* AppDelegate.m */,
				0570530119FBB83F00C84DAB /* GHUser.h */,
				057052FF19FBB76500C84DAB /* GHUser.m */,
				057052C219FBB38800C84DAB /* ViewController.h */,
				057052C319FBB38800C84DAB /* ViewController.m */,
				054CC29E1A89142D00D8CC0B /* WebViewController.h */,
				054CC29F1A89142D00D8CC0B /* WebViewController.m */,
				054CC2A01A89142D00D8CC0B /* WebViewController.xib */,
				057052C519FBB38800C84DAB /* Main.storyboard */,
				057052C819FBB38800C84DAB /* Images.xcassets */,
				057052CA19FBB38800C84DAB /* LaunchScreen.xib */,
				057052BB19FBB38800C84DAB /* Supporting Files */,
				057052FE19FBB5D200C84DAB /* cloudHub-prefix.pch */,
			);
			path = cloudHub;
			sourceTree = "<group>";
		};
		057052BB19FBB38800C84DAB /* Supporting Files */ = {
			isa = PBXGroup;
			children = (
				057052BC19FBB38800C84DAB /* Info.plist */,
				057052BD19FBB38800C84DAB /* main.m */,
			);
			name = "Supporting Files";
			sourceTree = "<group>";
		};
		057052D419FBB38800C84DAB /* cloudHubTests */ = {
			isa = PBXGroup;
			children = (
				057052D719FBB38800C84DAB /* cloudHubTests.m */,
				057052D519FBB38800C84DAB /* Supporting Files */,
			);
			path = cloudHubTests;
			sourceTree = "<group>";
		};
		057052D519FBB38800C84DAB /* Supporting Files */ = {
			isa = PBXGroup;
			children = (
				057052D619FBB38800C84DAB /* Info.plist */,
			);
			name = "Supporting Files";
			sourceTree = "<group>";
		};
		057052E219FBB4D300C84DAB /* Products */ = {
			isa = PBXGroup;
			children = (
				057052E919FBB4D300C84DAB /* libRestKit.a */,
				057052EB19FBB4D300C84DAB /* RestKitTests.xctest */,
				057052ED19FBB4D300C84DAB /* RestKit.framework */,
				057052EF19FBB4D300C84DAB /* RestKitFrameworkTests.xctest */,
			);
			name = Products;
			sourceTree = "<group>";
		};
/* End PBXGroup section */

/* Begin PBXNativeTarget section */
		057052B719FBB38800C84DAB /* cloudHub */ = {
			isa = PBXNativeTarget;
			buildConfigurationList = 057052DB19FBB38800C84DAB /* Build configuration list for PBXNativeTarget "cloudHub" */;
			buildPhases = (
				057052B419FBB38800C84DAB /* Sources */,
				057052B519FBB38800C84DAB /* Frameworks */,
				057052B619FBB38800C84DAB /* Resources */,
			);
			buildRules = (
			);
			dependencies = (
				057052F119FBB53100C84DAB /* PBXTargetDependency */,
			);
			name = cloudHub;
			productName = cloudHub;
			productReference = 057052B819FBB38800C84DAB /* cloudHub.app */;
			productType = "com.apple.product-type.application";
		};
		057052D019FBB38800C84DAB /* cloudHubTests */ = {
			isa = PBXNativeTarget;
			buildConfigurationList = 057052DE19FBB38800C84DAB /* Build configuration list for PBXNativeTarget "cloudHubTests" */;
			buildPhases = (
				057052CD19FBB38800C84DAB /* Sources */,
				057052CE19FBB38800C84DAB /* Frameworks */,
				057052CF19FBB38800C84DAB /* Resources */,
			);
			buildRules = (
			);
			dependencies = (
				057052D319FBB38800C84DAB /* PBXTargetDependency */,
			);
			name = cloudHubTests;
			productName = cloudHubTests;
			productReference = 057052D119FBB38800C84DAB /* cloudHubTests.xctest */;
			productType = "com.apple.product-type.bundle.unit-test";
		};
/* End PBXNativeTarget section */

/* Begin PBXProject section */
		057052B019FBB38700C84DAB /* Project object */ = {
			isa = PBXProject;
			attributes = {
				LastUpgradeCheck = 0610;
				ORGANIZATIONNAME = "Luke Kartsolis";
				TargetAttributes = {
					057052B719FBB38800C84DAB = {
						CreatedOnToolsVersion = 6.1;
					};
					057052D019FBB38800C84DAB = {
						CreatedOnToolsVersion = 6.1;
						TestTargetID = 057052B719FBB38800C84DAB;
					};
				};
			};
			buildConfigurationList = 057052B319FBB38700C84DAB /* Build configuration list for PBXProject "cloudHub" */;
			compatibilityVersion = "Xcode 3.2";
			developmentRegion = English;
			hasScannedForEncodings = 0;
			knownRegions = (
				en,
				Base,
			);
			mainGroup = 057052AF19FBB38700C84DAB;
			productRefGroup = 057052B919FBB38800C84DAB /* Products */;
			projectDirPath = "";
			projectReferences = (
				{
					ProductGroup = 057052E219FBB4D300C84DAB /* Products */;
					ProjectRef = 057052E119FBB4D300C84DAB /* RestKit.xcodeproj */;
				},
			);
			projectRoot = "";
			targets = (
				057052B719FBB38800C84DAB /* cloudHub */,
				057052D019FBB38800C84DAB /* cloudHubTests */,
			);
		};
/* End PBXProject section */

/* Begin PBXReferenceProxy section */
		057052E919FBB4D300C84DAB /* libRestKit.a */ = {
			isa = PBXReferenceProxy;
			fileType = archive.ar;
			path = libRestKit.a;
			remoteRef = 057052E819FBB4D300C84DAB /* PBXContainerItemProxy */;
			sourceTree = BUILT_PRODUCTS_DIR;
		};
		057052EB19FBB4D300C84DAB /* RestKitTests.xctest */ = {
			isa = PBXReferenceProxy;
			fileType = wrapper.cfbundle;
			path = RestKitTests.xctest;
			remoteRef = 057052EA19FBB4D300C84DAB /* PBXContainerItemProxy */;
			sourceTree = BUILT_PRODUCTS_DIR;
		};
		057052ED19FBB4D300C84DAB /* RestKit.framework */ = {
			isa = PBXReferenceProxy;
			fileType = wrapper.framework;
			path = RestKit.framework;
			remoteRef = 057052EC19FBB4D300C84DAB /* PBXContainerItemProxy */;
			sourceTree = BUILT_PRODUCTS_DIR;
		};
		057052EF19FBB4D300C84DAB /* RestKitFrameworkTests.xctest */ = {
			isa = PBXReferenceProxy;
			fileType = wrapper.cfbundle;
			path = RestKitFrameworkTests.xctest;
			remoteRef = 057052EE19FBB4D300C84DAB /* PBXContainerItemProxy */;
			sourceTree = BUILT_PRODUCTS_DIR;
		};
/* End PBXReferenceProxy section */

/* Begin PBXResourcesBuildPhase section */
		057052B619FBB38800C84DAB /* Resources */ = {
			isa = PBXResourcesBuildPhase;
			buildActionMask = 2147483647;
			files = (
				057052C719FBB38800C84DAB /* Main.storyboard in Resources */,
				057052CC19FBB38800C84DAB /* LaunchScreen.xib in Resources */,
				057052C919FBB38800C84DAB /* Images.xcassets in Resources */,
				054CC2A21A89142D00D8CC0B /* WebViewController.xib in Resources */,
			);
			runOnlyForDeploymentPostprocessing = 0;
		};
		057052CF19FBB38800C84DAB /* Resources */ = {
			isa = PBXResourcesBuildPhase;
			buildActionMask = 2147483647;
			files = (
			);
			runOnlyForDeploymentPostprocessing = 0;
		};
/* End PBXResourcesBuildPhase section */

/* Begin PBXSourcesBuildPhase section */
		057052B419FBB38800C84DAB /* Sources */ = {
			isa = PBXSourcesBuildPhase;
			buildActionMask = 2147483647;
			files = (
				057052C419FBB38800C84DAB /* ViewController.m in Sources */,
				054CC2A11A89142D00D8CC0B /* WebViewController.m in Sources */,
				0570530019FBB76500C84DAB /* GHUser.m in Sources */,
				057052C119FBB38800C84DAB /* AppDelegate.m in Sources */,
				057052BE19FBB38800C84DAB /* main.m in Sources */,
			);
			runOnlyForDeploymentPostprocessing = 0;
		};
		057052CD19FBB38800C84DAB /* Sources */ = {
			isa = PBXSourcesBuildPhase;
			buildActionMask = 2147483647;
			files = (
				057052D819FBB38800C84DAB /* cloudHubTests.m in Sources */,
			);
			runOnlyForDeploymentPostprocessing = 0;
		};
/* End PBXSourcesBuildPhase section */

/* Begin PBXTargetDependency section */
		057052D319FBB38800C84DAB /* PBXTargetDependency */ = {
			isa = PBXTargetDependency;
			target = 057052B719FBB38800C84DAB /* cloudHub */;
			targetProxy = 057052D219FBB38800C84DAB /* PBXContainerItemProxy */;
		};
		057052F119FBB53100C84DAB /* PBXTargetDependency */ = {
			isa = PBXTargetDependency;
			name = RestKit;
			targetProxy = 057052F019FBB53100C84DAB /* PBXContainerItemProxy */;
		};
/* End PBXTargetDependency section */

/* Begin PBXVariantGroup section */
		057052C519FBB38800C84DAB /* Main.storyboard */ = {
			isa = PBXVariantGroup;
			children = (
				057052C619FBB38800C84DAB /* Base */,
			);
			name = Main.storyboard;
			sourceTree = "<group>";
		};
		057052CA19FBB38800C84DAB /* LaunchScreen.xib */ = {
			isa = PBXVariantGroup;
			children = (
				057052CB19FBB38800C84DAB /* Base */,
			);
			name = LaunchScreen.xib;
			sourceTree = "<group>";
		};
/* End PBXVariantGroup section */

/* Begin XCBuildConfiguration section */
		057052D919FBB38800C84DAB /* Debug */ = {
			isa = XCBuildConfiguration;
			buildSettings = {
				ALWAYS_SEARCH_USER_PATHS = NO;
				CLANG_CXX_LANGUAGE_STANDARD = "gnu++0x";
				CLANG_CXX_LIBRARY = "libc++";
				CLANG_ENABLE_MODULES = YES;
				CLANG_ENABLE_OBJC_ARC = YES;
				CLANG_WARN_BOOL_CONVERSION = YES;
				CLANG_WARN_CONSTANT_CONVERSION = YES;
				CLANG_WARN_DIRECT_OBJC_ISA_USAGE = YES_ERROR;
				CLANG_WARN_EMPTY_BODY = YES;
				CLANG_WARN_ENUM_CONVERSION = YES;
				CLANG_WARN_INT_CONVERSION = YES;
				CLANG_WARN_OBJC_ROOT_CLASS = YES_ERROR;
				CLANG_WARN_UNREACHABLE_CODE = YES;
				CLANG_WARN__DUPLICATE_METHOD_MATCH = YES;
				"CODE_SIGN_IDENTITY[sdk=iphoneos*]" = "iPhone Developer";
				COPY_PHASE_STRIP = NO;
				ENABLE_STRICT_OBJC_MSGSEND = YES;
				GCC_C_LANGUAGE_STANDARD = gnu99;
				GCC_DYNAMIC_NO_PIC = NO;
				GCC_OPTIMIZATION_LEVEL = 0;
				GCC_PREPROCESSOR_DEFINITIONS = (
					"DEBUG=1",
					"$(inherited)",
				);
				GCC_SYMBOLS_PRIVATE_EXTERN = NO;
				GCC_WARN_64_TO_32_BIT_CONVERSION = YES;
				GCC_WARN_ABOUT_RETURN_TYPE = YES_ERROR;
				GCC_WARN_UNDECLARED_SELECTOR = YES;
				GCC_WARN_UNINITIALIZED_AUTOS = YES_AGGRESSIVE;
				GCC_WARN_UNUSED_FUNCTION = YES;
				GCC_WARN_UNUSED_VARIABLE = YES;
				IPHONEOS_DEPLOYMENT_TARGET = 8.1;
				MTL_ENABLE_DEBUG_INFO = YES;
				ONLY_ACTIVE_ARCH = YES;
				SDKROOT = iphoneos;
			};
			name = Debug;
		};
		057052DA19FBB38800C84DAB /* Release */ = {
			isa = XCBuildConfiguration;
			buildSettings = {
				ALWAYS_SEARCH_USER_PATHS = NO;
				CLANG_CXX_LANGUAGE_STANDARD = "gnu++0x";
				CLANG_CXX_LIBRARY = "libc++";
				CLANG_ENABLE_MODULES = YES;
				CLANG_ENABLE_OBJC_ARC = YES;
				CLANG_WARN_BOOL_CONVERSION = YES;
				CLANG_WARN_CONSTANT_CONVERSION = YES;
				CLANG_WARN_DIRECT_OBJC_ISA_USAGE = YES_ERROR;
				CLANG_WARN_EMPTY_BODY = YES;
				CLANG_WARN_ENUM_CONVERSION = YES;
				CLANG_WARN_INT_CONVERSION = YES;
				CLANG_WARN_OBJC_ROOT_CLASS = YES_ERROR;
				CLANG_WARN_UNREACHABLE_CODE = YES;
				CLANG_WARN__DUPLICATE_METHOD_MATCH = YES;
				"CODE_SIGN_IDENTITY[sdk=iphoneos*]" = "iPhone Developer";
				COPY_PHASE_STRIP = YES;
				ENABLE_NS_ASSERTIONS = NO;
				ENABLE_STRICT_OBJC_MSGSEND = YES;
				GCC_C_LANGUAGE_STANDARD = gnu99;
				GCC_WARN_64_TO_32_BIT_CONVERSION = YES;
				GCC_WARN_ABOUT_RETURN_TYPE = YES_ERROR;
				GCC_WARN_UNDECLARED_SELECTOR = YES;
				GCC_WARN_UNINITIALIZED_AUTOS = YES_AGGRESSIVE;
				GCC_WARN_UNUSED_FUNCTION = YES;
				GCC_WARN_UNUSED_VARIABLE = YES;
				IPHONEOS_DEPLOYMENT_TARGET = 8.1;
				MTL_ENABLE_DEBUG_INFO = NO;
				SDKROOT = iphoneos;
				VALIDATE_PRODUCT = YES;
			};
			name = Release;
		};
		057052DC19FBB38800C84DAB /* Debug */ = {
			isa = XCBuildConfiguration;
			buildSettings = {
				ASSETCATALOG_COMPILER_APPICON_NAME = AppIcon;
				GCC_PREFIX_HEADER = "cloudHub/cloudHub-prefix.pch";
				HEADER_SEARCH_PATHS = "\"$(BUILT_PRODUCTS_DIR)/../../Headers\"";
				INFOPLIST_FILE = cloudHub/Info.plist;
				LD_RUNPATH_SEARCH_PATHS = "$(inherited) @executable_path/Frameworks";
				ONLY_ACTIVE_ARCH = YES;
				OTHER_LDFLAGS = "-ObjC";
				PRODUCT_NAME = "$(TARGET_NAME)";
				VALID_ARCHS = "ARMv7s ARMv7";
			};
			name = Debug;
		};
		057052DD19FBB38800C84DAB /* Release */ = {
			isa = XCBuildConfiguration;
			buildSettings = {
				ASSETCATALOG_COMPILER_APPICON_NAME = AppIcon;
				GCC_PREFIX_HEADER = "cloudHub/cloudHub-prefix.pch";
				HEADER_SEARCH_PATHS = "\"$(BUILT_PRODUCTS_DIR)/../../Headers\"";
				INFOPLIST_FILE = cloudHub/Info.plist;
				LD_RUNPATH_SEARCH_PATHS = "$(inherited) @executable_path/Frameworks";
				ONLY_ACTIVE_ARCH = YES;
				OTHER_LDFLAGS = "-ObjC";
				PRODUCT_NAME = "$(TARGET_NAME)";
				VALID_ARCHS = "ARMv7s ARMv7";
			};
			name = Release;
		};
		057052DF19FBB38800C84DAB /* Debug */ = {
			isa = XCBuildConfiguration;
			buildSettings = {
				BUNDLE_LOADER = "$(TEST_HOST)";
				FRAMEWORK_SEARCH_PATHS = (
					"$(SDKROOT)/Developer/Library/Frameworks",
					"$(inherited)",
				);
				GCC_PREPROCESSOR_DEFINITIONS = (
					"DEBUG=1",
					"$(inherited)",
				);
				INFOPLIST_FILE = cloudHubTests/Info.plist;
				LD_RUNPATH_SEARCH_PATHS = "$(inherited) @executable_path/Frameworks @loader_path/Frameworks";
				PRODUCT_NAME = "$(TARGET_NAME)";
				TEST_HOST = "$(BUILT_PRODUCTS_DIR)/cloudHub.app/cloudHub";
			};
			name = Debug;
		};
		057052E019FBB38800C84DAB /* Release */ = {
			isa = XCBuildConfiguration;
			buildSettings = {
				BUNDLE_LOADER = "$(TEST_HOST)";
				FRAMEWORK_SEARCH_PATHS = (
					"$(SDKROOT)/Developer/Library/Frameworks",
					"$(inherited)",
				);
				INFOPLIST_FILE = cloudHubTests/Info.plist;
				LD_RUNPATH_SEARCH_PATHS = "$(inherited) @executable_path/Frameworks @loader_path/Frameworks";
				PRODUCT_NAME = "$(TARGET_NAME)";
				TEST_HOST = "$(BUILT_PRODUCTS_DIR)/cloudHub.app/cloudHub";
			};
			name = Release;
		};
/* End XCBuildConfiguration section */

/* Begin XCConfigurationList section */
		057052B319FBB38700C84DAB /* Build configuration list for PBXProject "cloudHub" */ = {
			isa = XCConfigurationList;
			buildConfigurations = (
				057052D919FBB38800C84DAB /* Debug */,
				057052DA19FBB38800C84DAB /* Release */,
			);
			defaultConfigurationIsVisible = 0;
			defaultConfigurationName = Release;
		};
		057052DB19FBB38800C84DAB /* Build configuration list for PBXNativeTarget "cloudHub" */ = {
			isa = XCConfigurationList;
			buildConfigurations = (
				057052DC19FBB38800C84DAB /* Debug */,
				057052DD19FBB38800C84DAB /* Release */,
			);
			defaultConfigurationIsVisible = 0;
			defaultConfigurationName = Release;
		};
		057052DE19FBB38800C84DAB /* Build configuration list for PBXNativeTarget "cloudHubTests" */ = {
			isa = XCConfigurationList;
			buildConfigurations = (
				057052DF19FBB38800C84DAB /* Debug */,
				057052E019FBB38800C84DAB /* Release */,
			);
			defaultConfigurationIsVisible = 0;
			defaultConfigurationName = Release;
		};
/* End XCConfigurationList section */
	};
	rootObject = 057052B019FBB38700C84DAB /* Project object */;
}
